// !$*UTF8*$!
{
	archiveVersion = 1;
	classes = {
	};
	objectVersion = 56;
	objects = {

/* Begin PBXBuildFile section */
		739555E02BEFF8DA004AC74E /* AppDelegate.swift in Sources */ = {isa = PBXBuildFile; fileRef = 739555DF2BEFF8DA004AC74E /* AppDelegate.swift */; };
		739555E22BEFF8DA004AC74E /* SceneDelegate.swift in Sources */ = {isa = PBXBuildFile; fileRef = 739555E12BEFF8DA004AC74E /* SceneDelegate.swift */; };
		739555E42BEFF8DA004AC74E /* ViewController.swift in Sources */ = {isa = PBXBuildFile; fileRef = 739555E32BEFF8DA004AC74E /* ViewController.swift */; };
		739555E72BEFF8DA004AC74E /* Base in Resources */ = {isa = PBXBuildFile; fileRef = 739555E62BEFF8DA004AC74E /* Base */; };
		739555E92BEFF8E0004AC74E /* Assets.xcassets in Resources */ = {isa = PBXBuildFile; fileRef = 739555E82BEFF8E0004AC74E /* Assets.xcassets */; };
		739555EC2BEFF8E0004AC74E /* Base in Resources */ = {isa = PBXBuildFile; fileRef = 739555EB2BEFF8E0004AC74E /* Base */; };
		739555F72BEFF8E2004AC74E /* OPN_ChallengeTests.swift in Sources */ = {isa = PBXBuildFile; fileRef = 739555F62BEFF8E2004AC74E /* OPN_ChallengeTests.swift */; };
		739556012BEFF8E2004AC74E /* OPN_ChallengeUITests.swift in Sources */ = {isa = PBXBuildFile; fileRef = 739556002BEFF8E2004AC74E /* OPN_ChallengeUITests.swift */; };
		739556032BEFF8E2004AC74E /* OPN_ChallengeUITestsLaunchTests.swift in Sources */ = {isa = PBXBuildFile; fileRef = 739556022BEFF8E2004AC74E /* OPN_ChallengeUITestsLaunchTests.swift */; };
/* End PBXBuildFile section */

/* Begin PBXContainerItemProxy section */
		739555F32BEFF8E2004AC74E /* PBXContainerItemProxy */ = {
			isa = PBXContainerItemProxy;
			containerPortal = 739555D42BEFF8DA004AC74E /* Project object */;
			proxyType = 1;
			remoteGlobalIDString = 739555DB2BEFF8DA004AC74E;
			remoteInfo = "OPN-Challenge";
		};
		739555FD2BEFF8E2004AC74E /* PBXContainerItemProxy */ = {
			isa = PBXContainerItemProxy;
			containerPortal = 739555D42BEFF8DA004AC74E /* Project object */;
			proxyType = 1;
			remoteGlobalIDString = 739555DB2BEFF8DA004AC74E;
			remoteInfo = "OPN-Challenge";
		};
/* End PBXContainerItemProxy section */

/* Begin PBXFileReference section */
		739555DC2BEFF8DA004AC74E /* OPN-Challenge.app */ = {isa = PBXFileReference; explicitFileType = wrapper.application; includeInIndex = 0; path = "OPN-Challenge.app"; sourceTree = BUILT_PRODUCTS_DIR; };
		739555DF2BEFF8DA004AC74E /* AppDelegate.swift */ = {isa = PBXFileReference; lastKnownFileType = sourcecode.swift; path = AppDelegate.swift; sourceTree = "<group>"; };
		739555E12BEFF8DA004AC74E /* SceneDelegate.swift */ = {isa = PBXFileReference; lastKnownFileType = sourcecode.swift; path = SceneDelegate.swift; sourceTree = "<group>"; };
		739555E32BEFF8DA004AC74E /* ViewController.swift */ = {isa = PBXFileReference; lastKnownFileType = sourcecode.swift; path = ViewController.swift; sourceTree = "<group>"; };
		739555E62BEFF8DA004AC74E /* Base */ = {isa = PBXFileReference; lastKnownFileType = file.storyboard; name = Base; path = Base.lproj/Main.storyboard; sourceTree = "<group>"; };
		739555E82BEFF8E0004AC74E /* Assets.xcassets */ = {isa = PBXFileReference; lastKnownFileType = folder.assetcatalog; path = Assets.xcassets; sourceTree = "<group>"; };
		739555EB2BEFF8E0004AC74E /* Base */ = {isa = PBXFileReference; lastKnownFileType = file.storyboard; name = Base; path = Base.lproj/LaunchScreen.storyboard; sourceTree = "<group>"; };
		739555ED2BEFF8E0004AC74E /* Info.plist */ = {isa = PBXFileReference; lastKnownFileType = text.plist.xml; path = Info.plist; sourceTree = "<group>"; };
		739555F22BEFF8E2004AC74E /* OPN-ChallengeTests.xctest */ = {isa = PBXFileReference; explicitFileType = wrapper.cfbundle; includeInIndex = 0; path = "OPN-ChallengeTests.xctest"; sourceTree = BUILT_PRODUCTS_DIR; };
		739555F62BEFF8E2004AC74E /* OPN_ChallengeTests.swift */ = {isa = PBXFileReference; lastKnownFileType = sourcecode.swift; path = OPN_ChallengeTests.swift; sourceTree = "<group>"; };
		739555FC2BEFF8E2004AC74E /* OPN-ChallengeUITests.xctest */ = {isa = PBXFileReference; explicitFileType = wrapper.cfbundle; includeInIndex = 0; path = "OPN-ChallengeUITests.xctest"; sourceTree = BUILT_PRODUCTS_DIR; };
		739556002BEFF8E2004AC74E /* OPN_ChallengeUITests.swift */ = {isa = PBXFileReference; lastKnownFileType = sourcecode.swift; path = OPN_ChallengeUITests.swift; sourceTree = "<group>"; };
		739556022BEFF8E2004AC74E /* OPN_ChallengeUITestsLaunchTests.swift */ = {isa = PBXFileReference; lastKnownFileType = sourcecode.swift; path = OPN_ChallengeUITestsLaunchTests.swift; sourceTree = "<group>"; };
/* End PBXFileReference section */

/* Begin PBXFrameworksBuildPhase section */
		739555D92BEFF8DA004AC74E /* Frameworks */ = {
			isa = PBXFrameworksBuildPhase;
			buildActionMask = 2147483647;
			files = (
			);
			runOnlyForDeploymentPostprocessing = 0;
		};
		739555EF2BEFF8E2004AC74E /* Frameworks */ = {
			isa = PBXFrameworksBuildPhase;
			buildActionMask = 2147483647;
			files = (
			);
			runOnlyForDeploymentPostprocessing = 0;
		};
		739555F92BEFF8E2004AC74E /* Frameworks */ = {
			isa = PBXFrameworksBuildPhase;
			buildActionMask = 2147483647;
			files = (
			);
			runOnlyForDeploymentPostprocessing = 0;
		};
/* End PBXFrameworksBuildPhase section */

/* Begin PBXGroup section */
		739555D32BEFF8DA004AC74E = {
			isa = PBXGroup;
			children = (
				739555DE2BEFF8DA004AC74E /* OPN-Challenge */,
				739555F52BEFF8E2004AC74E /* OPN-ChallengeTests */,
				739555FF2BEFF8E2004AC74E /* OPN-ChallengeUITests */,
				739555DD2BEFF8DA004AC74E /* Products */,
			);
			sourceTree = "<group>";
		};
		739555DD2BEFF8DA004AC74E /* Products */ = {
			isa = PBXGroup;
			children = (
				739555DC2BEFF8DA004AC74E /* OPN-Challenge.app */,
				739555F22BEFF8E2004AC74E /* OPN-ChallengeTests.xctest */,
				739555FC2BEFF8E2004AC74E /* OPN-ChallengeUITests.xctest */,
			);
			name = Products;
			sourceTree = "<group>";
		};
		739555DE2BEFF8DA004AC74E /* OPN-Challenge */ = {
			isa = PBXGroup;
			children = (
				739555DF2BEFF8DA004AC74E /* AppDelegate.swift */,
				739555E12BEFF8DA004AC74E /* SceneDelegate.swift */,
				739555E32BEFF8DA004AC74E /* ViewController.swift */,
				739555E52BEFF8DA004AC74E /* Main.storyboard */,
				739555E82BEFF8E0004AC74E /* Assets.xcassets */,
				739555EA2BEFF8E0004AC74E /* LaunchScreen.storyboard */,
				739555ED2BEFF8E0004AC74E /* Info.plist */,
			);
			path = "OPN-Challenge";
			sourceTree = "<group>";
		};
		739555F52BEFF8E2004AC74E /* OPN-ChallengeTests */ = {
			isa = PBXGroup;
			children = (
				739555F62BEFF8E2004AC74E /* OPN_ChallengeTests.swift */,
			);
			path = "OPN-ChallengeTests";
			sourceTree = "<group>";
		};
		739555FF2BEFF8E2004AC74E /* OPN-ChallengeUITests */ = {
			isa = PBXGroup;
			children = (
				739556002BEFF8E2004AC74E /* OPN_ChallengeUITests.swift */,
				739556022BEFF8E2004AC74E /* OPN_ChallengeUITestsLaunchTests.swift */,
			);
			path = "OPN-ChallengeUITests";
			sourceTree = "<group>";
		};
/* End PBXGroup section */

/* Begin PBXNativeTarget section */
		739555DB2BEFF8DA004AC74E /* OPN-Challenge */ = {
			isa = PBXNativeTarget;
			buildConfigurationList = 739556062BEFF8E2004AC74E /* Build configuration list for PBXNativeTarget "OPN-Challenge" */;
			buildPhases = (
				739555D82BEFF8DA004AC74E /* Sources */,
				739555D92BEFF8DA004AC74E /* Frameworks */,
				739555DA2BEFF8DA004AC74E /* Resources */,
			);
			buildRules = (
			);
			dependencies = (
			);
			name = "OPN-Challenge";
			productName = "OPN-Challenge";
			productReference = 739555DC2BEFF8DA004AC74E /* OPN-Challenge.app */;
			productType = "com.apple.product-type.application";
		};
		739555F12BEFF8E2004AC74E /* OPN-ChallengeTests */ = {
			isa = PBXNativeTarget;
			buildConfigurationList = 739556092BEFF8E2004AC74E /* Build configuration list for PBXNativeTarget "OPN-ChallengeTests" */;
			buildPhases = (
				739555EE2BEFF8E2004AC74E /* Sources */,
				739555EF2BEFF8E2004AC74E /* Frameworks */,
				739555F02BEFF8E2004AC74E /* Resources */,
			);
			buildRules = (
			);
			dependencies = (
				739555F42BEFF8E2004AC74E /* PBXTargetDependency */,
			);
			name = "OPN-ChallengeTests";
			productName = "OPN-ChallengeTests";
			productReference = 739555F22BEFF8E2004AC74E /* OPN-ChallengeTests.xctest */;
			productType = "com.apple.product-type.bundle.unit-test";
		};
		739555FB2BEFF8E2004AC74E /* OPN-ChallengeUITests */ = {
			isa = PBXNativeTarget;
			buildConfigurationList = 7395560C2BEFF8E2004AC74E /* Build configuration list for PBXNativeTarget "OPN-ChallengeUITests" */;
			buildPhases = (
				739555F82BEFF8E2004AC74E /* Sources */,
				739555F92BEFF8E2004AC74E /* Frameworks */,
				739555FA2BEFF8E2004AC74E /* Resources */,
			);
			buildRules = (
			);
			dependencies = (
				739555FE2BEFF8E2004AC74E /* PBXTargetDependency */,
			);
			name = "OPN-ChallengeUITests";
			productName = "OPN-ChallengeUITests";
			productReference = 739555FC2BEFF8E2004AC74E /* OPN-ChallengeUITests.xctest */;
			productType = "com.apple.product-type.bundle.ui-testing";
		};
/* End PBXNativeTarget section */

/* Begin PBXProject section */
		739555D42BEFF8DA004AC74E /* Project object */ = {
			isa = PBXProject;
			attributes = {
				BuildIndependentTargetsInParallel = 1;
				LastSwiftUpdateCheck = 1530;
				LastUpgradeCheck = 1530;
				TargetAttributes = {
					739555DB2BEFF8DA004AC74E = {
						CreatedOnToolsVersion = 15.3;
					};
					739555F12BEFF8E2004AC74E = {
						CreatedOnToolsVersion = 15.3;
						TestTargetID = 739555DB2BEFF8DA004AC74E;
					};
					739555FB2BEFF8E2004AC74E = {
						CreatedOnToolsVersion = 15.3;
						TestTargetID = 739555DB2BEFF8DA004AC74E;
					};
				};
			};
			buildConfigurationList = 739555D72BEFF8DA004AC74E /* Build configuration list for PBXProject "OPN-Challenge" */;
			compatibilityVersion = "Xcode 14.0";
			developmentRegion = en;
			hasScannedForEncodings = 0;
			knownRegions = (
				en,
				Base,
			);
			mainGroup = 739555D32BEFF8DA004AC74E;
			productRefGroup = 739555DD2BEFF8DA004AC74E /* Products */;
			projectDirPath = "";
			projectRoot = "";
			targets = (
				739555DB2BEFF8DA004AC74E /* OPN-Challenge */,
				739555F12BEFF8E2004AC74E /* OPN-ChallengeTests */,
				739555FB2BEFF8E2004AC74E /* OPN-ChallengeUITests */,
			);
		};
/* End PBXProject section */

/* Begin PBXResourcesBuildPhase section */
		739555DA2BEFF8DA004AC74E /* Resources */ = {
			isa = PBXResourcesBuildPhase;
			buildActionMask = 2147483647;
			files = (
				739555E92BEFF8E0004AC74E /* Assets.xcassets in Resources */,
				739555EC2BEFF8E0004AC74E /* Base in Resources */,
				739555E72BEFF8DA004AC74E /* Base in Resources */,
			);
			runOnlyForDeploymentPostprocessing = 0;
		};
		739555F02BEFF8E2004AC74E /* Resources */ = {
			isa = PBXResourcesBuildPhase;
			buildActionMask = 2147483647;
			files = (
			);
			runOnlyForDeploymentPostprocessing = 0;
		};
		739555FA2BEFF8E2004AC74E /* Resources */ = {
			isa = PBXResourcesBuildPhase;
			buildActionMask = 2147483647;
			files = (
			);
			runOnlyForDeploymentPostprocessing = 0;
		};
/* End PBXResourcesBuildPhase section */

/* Begin PBXSourcesBuildPhase section */
		739555D82BEFF8DA004AC74E /* Sources */ = {
			isa = PBXSourcesBuildPhase;
			buildActionMask = 2147483647;
			files = (
				739555E42BEFF8DA004AC74E /* ViewController.swift in Sources */,
				739555E02BEFF8DA004AC74E /* AppDelegate.swift in Sources */,
				739555E22BEFF8DA004AC74E /* SceneDelegate.swift in Sources */,
			);
			runOnlyForDeploymentPostprocessing = 0;
		};
		739555EE2BEFF8E2004AC74E /* Sources */ = {
			isa = PBXSourcesBuildPhase;
			buildActionMask = 2147483647;
			files = (
				739555F72BEFF8E2004AC74E /* OPN_ChallengeTests.swift in Sources */,
			);
			runOnlyForDeploymentPostprocessing = 0;
		};
		739555F82BEFF8E2004AC74E /* Sources */ = {
			isa = PBXSourcesBuildPhase;
			buildActionMask = 2147483647;
			files = (
				739556032BEFF8E2004AC74E /* OPN_ChallengeUITestsLaunchTests.swift in Sources */,
				739556012BEFF8E2004AC74E /* OPN_ChallengeUITests.swift in Sources */,
			);
			runOnlyForDeploymentPostprocessing = 0;
		};
/* End PBXSourcesBuildPhase section */

/* Begin PBXTargetDependency section */
		739555F42BEFF8E2004AC74E /* PBXTargetDependency */ = {
			isa = PBXTargetDependency;
			target = 739555DB2BEFF8DA004AC74E /* OPN-Challenge */;
			targetProxy = 739555F32BEFF8E2004AC74E /* PBXContainerItemProxy */;
		};
		739555FE2BEFF8E2004AC74E /* PBXTargetDependency */ = {
			isa = PBXTargetDependency;
			target = 739555DB2BEFF8DA004AC74E /* OPN-Challenge */;
			targetProxy = 739555FD2BEFF8E2004AC74E /* PBXContainerItemProxy */;
		};
/* End PBXTargetDependency section */

/* Begin PBXVariantGroup section */
		739555E52BEFF8DA004AC74E /* Main.storyboard */ = {
			isa = PBXVariantGroup;
			children = (
				739555E62BEFF8DA004AC74E /* Base */,
			);
			name = Main.storyboard;
			sourceTree = "<group>";
		};
		739555EA2BEFF8E0004AC74E /* LaunchScreen.storyboard */ = {
			isa = PBXVariantGroup;
			children = (
				739555EB2BEFF8E0004AC74E /* Base */,
			);
			name = LaunchScreen.storyboard;
			sourceTree = "<group>";
		};
/* End PBXVariantGroup section */

/* Begin XCBuildConfiguration section */
		739556042BEFF8E2004AC74E /* Debug */ = {
			isa = XCBuildConfiguration;
			buildSettings = {
				ALWAYS_SEARCH_USER_PATHS = NO;
				ASSETCATALOG_COMPILER_GENERATE_SWIFT_ASSET_SYMBOL_EXTENSIONS = YES;
				CLANG_ANALYZER_NONNULL = YES;
				CLANG_ANALYZER_NUMBER_OBJECT_CONVERSION = YES_AGGRESSIVE;
				CLANG_CXX_LANGUAGE_STANDARD = "gnu++20";
				CLANG_ENABLE_MODULES = YES;
				CLANG_ENABLE_OBJC_ARC = YES;
				CLANG_ENABLE_OBJC_WEAK = YES;
				CLANG_WARN_BLOCK_CAPTURE_AUTORELEASING = YES;
				CLANG_WARN_BOOL_CONVERSION = YES;
				CLANG_WARN_COMMA = YES;
				CLANG_WARN_CONSTANT_CONVERSION = YES;
				CLANG_WARN_DEPRECATED_OBJC_IMPLEMENTATIONS = YES;
				CLANG_WARN_DIRECT_OBJC_ISA_USAGE = YES_ERROR;
				CLANG_WARN_DOCUMENTATION_COMMENTS = YES;
				CLANG_WARN_EMPTY_BODY = YES;
				CLANG_WARN_ENUM_CONVERSION = YES;
				CLANG_WARN_INFINITE_RECURSION = YES;
				CLANG_WARN_INT_CONVERSION = YES;
				CLANG_WARN_NON_LITERAL_NULL_CONVERSION = YES;
				CLANG_WARN_OBJC_IMPLICIT_RETAIN_SELF = YES;
				CLANG_WARN_OBJC_LITERAL_CONVERSION = YES;
				CLANG_WARN_OBJC_ROOT_CLASS = YES_ERROR;
				CLANG_WARN_QUOTED_INCLUDE_IN_FRAMEWORK_HEADER = YES;
				CLANG_WARN_RANGE_LOOP_ANALYSIS = YES;
				CLANG_WARN_STRICT_PROTOTYPES = YES;
				CLANG_WARN_SUSPICIOUS_MOVE = YES;
				CLANG_WARN_UNGUARDED_AVAILABILITY = YES_AGGRESSIVE;
				CLANG_WARN_UNREACHABLE_CODE = YES;
				CLANG_WARN__DUPLICATE_METHOD_MATCH = YES;
				COPY_PHASE_STRIP = NO;
				DEBUG_INFORMATION_FORMAT = dwarf;
				ENABLE_STRICT_OBJC_MSGSEND = YES;
				ENABLE_TESTABILITY = YES;
				ENABLE_USER_SCRIPT_SANDBOXING = YES;
				GCC_C_LANGUAGE_STANDARD = gnu17;
				GCC_DYNAMIC_NO_PIC = NO;
				GCC_NO_COMMON_BLOCKS = YES;
				GCC_OPTIMIZATION_LEVEL = 0;
				GCC_PREPROCESSOR_DEFINITIONS = (
					"DEBUG=1",
					"$(inherited)",
				);
				GCC_WARN_64_TO_32_BIT_CONVERSION = YES;
				GCC_WARN_ABOUT_RETURN_TYPE = YES_ERROR;
				GCC_WARN_UNDECLARED_SELECTOR = YES;
				GCC_WARN_UNINITIALIZED_AUTOS = YES_AGGRESSIVE;
				GCC_WARN_UNUSED_FUNCTION = YES;
				GCC_WARN_UNUSED_VARIABLE = YES;
				IPHONEOS_DEPLOYMENT_TARGET = 17.4;
				LOCALIZATION_PREFERS_STRING_CATALOGS = YES;
				MTL_ENABLE_DEBUG_INFO = INCLUDE_SOURCE;
				MTL_FAST_MATH = YES;
				ONLY_ACTIVE_ARCH = YES;
				SDKROOT = iphoneos;
				SWIFT_ACTIVE_COMPILATION_CONDITIONS = "DEBUG $(inherited)";
				SWIFT_OPTIMIZATION_LEVEL = "-Onone";
			};
			name = Debug;
		};
		739556052BEFF8E2004AC74E /* Release */ = {
			isa = XCBuildConfiguration;
			buildSettings = {
				ALWAYS_SEARCH_USER_PATHS = NO;
				ASSETCATALOG_COMPILER_GENERATE_SWIFT_ASSET_SYMBOL_EXTENSIONS = YES;
				CLANG_ANALYZER_NONNULL = YES;
				CLANG_ANALYZER_NUMBER_OBJECT_CONVERSION = YES_AGGRESSIVE;
				CLANG_CXX_LANGUAGE_STANDARD = "gnu++20";
				CLANG_ENABLE_MODULES = YES;
				CLANG_ENABLE_OBJC_ARC = YES;
				CLANG_ENABLE_OBJC_WEAK = YES;
				CLANG_WARN_BLOCK_CAPTURE_AUTORELEASING = YES;
				CLANG_WARN_BOOL_CONVERSION = YES;
				CLANG_WARN_COMMA = YES;
				CLANG_WARN_CONSTANT_CONVERSION = YES;
				CLANG_WARN_DEPRECATED_OBJC_IMPLEMENTATIONS = YES;
				CLANG_WARN_DIRECT_OBJC_ISA_USAGE = YES_ERROR;
				CLANG_WARN_DOCUMENTATION_COMMENTS = YES;
				CLANG_WARN_EMPTY_BODY = YES;
				CLANG_WARN_ENUM_CONVERSION = YES;
				CLANG_WARN_INFINITE_RECURSION = YES;
				CLANG_WARN_INT_CONVERSION = YES;
				CLANG_WARN_NON_LITERAL_NULL_CONVERSION = YES;
				CLANG_WARN_OBJC_IMPLICIT_RETAIN_SELF = YES;
				CLANG_WARN_OBJC_LITERAL_CONVERSION = YES;
				CLANG_WARN_OBJC_ROOT_CLASS = YES_ERROR;
				CLANG_WARN_QUOTED_INCLUDE_IN_FRAMEWORK_HEADER = YES;
				CLANG_WARN_RANGE_LOOP_ANALYSIS = YES;
				CLANG_WARN_STRICT_PROTOTYPES = YES;
				CLANG_WARN_SUSPICIOUS_MOVE = YES;
				CLANG_WARN_UNGUARDED_AVAILABILITY = YES_AGGRESSIVE;
				CLANG_WARN_UNREACHABLE_CODE = YES;
				CLANG_WARN__DUPLICATE_METHOD_MATCH = YES;
				COPY_PHASE_STRIP = NO;
				DEBUG_INFORMATION_FORMAT = "dwarf-with-dsym";
				ENABLE_NS_ASSERTIONS = NO;
				ENABLE_STRICT_OBJC_MSGSEND = YES;
				ENABLE_USER_SCRIPT_SANDBOXING = YES;
				GCC_C_LANGUAGE_STANDARD = gnu17;
				GCC_NO_COMMON_BLOCKS = YES;
				GCC_WARN_64_TO_32_BIT_CONVERSION = YES;
				GCC_WARN_ABOUT_RETURN_TYPE = YES_ERROR;
				GCC_WARN_UNDECLARED_SELECTOR = YES;
				GCC_WARN_UNINITIALIZED_AUTOS = YES_AGGRESSIVE;
				GCC_WARN_UNUSED_FUNCTION = YES;
				GCC_WARN_UNUSED_VARIABLE = YES;
				IPHONEOS_DEPLOYMENT_TARGET = 17.4;
				LOCALIZATION_PREFERS_STRING_CATALOGS = YES;
				MTL_ENABLE_DEBUG_INFO = NO;
				MTL_FAST_MATH = YES;
				SDKROOT = iphoneos;
				SWIFT_COMPILATION_MODE = wholemodule;
				VALIDATE_PRODUCT = YES;
			};
			name = Release;
		};
		739556072BEFF8E2004AC74E /* Debug */ = {
			isa = XCBuildConfiguration;
			buildSettings = {
				ASSETCATALOG_COMPILER_APPICON_NAME = AppIcon;
				ASSETCATALOG_COMPILER_GLOBAL_ACCENT_COLOR_NAME = AccentColor;
				CODE_SIGN_STYLE = Automatic;
				CURRENT_PROJECT_VERSION = 1;
				GENERATE_INFOPLIST_FILE = YES;
				INFOPLIST_FILE = "OPN-Challenge/Info.plist";
				INFOPLIST_KEY_UIApplicationSupportsIndirectInputEvents = YES;
				INFOPLIST_KEY_UILaunchStoryboardName = LaunchScreen;
				INFOPLIST_KEY_UIMainStoryboardFile = Main;
				INFOPLIST_KEY_UISupportedInterfaceOrientations_iPad = "UIInterfaceOrientationPortrait UIInterfaceOrientationPortraitUpsideDown UIInterfaceOrientationLandscapeLeft UIInterfaceOrientationLandscapeRight";
				INFOPLIST_KEY_UISupportedInterfaceOrientations_iPhone = "UIInterfaceOrientationPortrait UIInterfaceOrientationLandscapeLeft UIInterfaceOrientationLandscapeRight";
				LD_RUNPATH_SEARCH_PATHS = (
					"$(inherited)",
					"@executable_path/Frameworks",
				);
				MARKETING_VERSION = 1.0;
				PRODUCT_BUNDLE_IDENTIFIER = "phakkharachate.jon.OPN-Challenge";
				PRODUCT_NAME = "$(TARGET_NAME)";
				SWIFT_EMIT_LOC_STRINGS = YES;
				SWIFT_VERSION = 5.0;
				TARGETED_DEVICE_FAMILY = "1,2";
			};
			name = Debug;
		};
		739556082BEFF8E2004AC74E /* Release */ = {
			isa = XCBuildConfiguration;
			buildSettings = {
				ASSETCATALOG_COMPILER_APPICON_NAME = AppIcon;
				ASSETCATALOG_COMPILER_GLOBAL_ACCENT_COLOR_NAME = AccentColor;
				CODE_SIGN_STYLE = Automatic;
				CURRENT_PROJECT_VERSION = 1;
				GENERATE_INFOPLIST_FILE = YES;
				INFOPLIST_FILE = "OPN-Challenge/Info.plist";
				INFOPLIST_KEY_UIApplicationSupportsIndirectInputEvents = YES;
				INFOPLIST_KEY_UILaunchStoryboardName = LaunchScreen;
				INFOPLIST_KEY_UIMainStoryboardFile = Main;
				INFOPLIST_KEY_UISupportedInterfaceOrientations_iPad = "UIInterfaceOrientationPortrait UIInterfaceOrientationPortraitUpsideDown UIInterfaceOrientationLandscapeLeft UIInterfaceOrientationLandscapeRight";
				INFOPLIST_KEY_UISupportedInterfaceOrientations_iPhone = "UIInterfaceOrientationPortrait UIInterfaceOrientationLandscapeLeft UIInterfaceOrientationLandscapeRight";
				LD_RUNPATH_SEARCH_PATHS = (
					"$(inherited)",
					"@executable_path/Frameworks",
				);
				MARKETING_VERSION = 1.0;
				PRODUCT_BUNDLE_IDENTIFIER = "phakkharachate.jon.OPN-Challenge";
				PRODUCT_NAME = "$(TARGET_NAME)";
				SWIFT_EMIT_LOC_STRINGS = YES;
				SWIFT_VERSION = 5.0;
				TARGETED_DEVICE_FAMILY = "1,2";
			};
			name = Release;
		};
		7395560A2BEFF8E2004AC74E /* Debug */ = {
			isa = XCBuildConfiguration;
			buildSettings = {
				ALWAYS_EMBED_SWIFT_STANDARD_LIBRARIES = YES;
				BUNDLE_LOADER = "$(TEST_HOST)";
				CODE_SIGN_STYLE = Automatic;
				CURRENT_PROJECT_VERSION = 1;
				GENERATE_INFOPLIST_FILE = YES;
				IPHONEOS_DEPLOYMENT_TARGET = 17.4;
				MARKETING_VERSION = 1.0;
				PRODUCT_BUNDLE_IDENTIFIER = "phakkharachate.jon.OPN-ChallengeTests";
				PRODUCT_NAME = "$(TARGET_NAME)";
				SWIFT_EMIT_LOC_STRINGS = NO;
				SWIFT_VERSION = 5.0;
				TARGETED_DEVICE_FAMILY = "1,2";
				TEST_HOST = "$(BUILT_PRODUCTS_DIR)/OPN-Challenge.app/$(BUNDLE_EXECUTABLE_FOLDER_PATH)/OPN-Challenge";
			};
			name = Debug;
		};
		7395560B2BEFF8E2004AC74E /* Release */ = {
			isa = XCBuildConfiguration;
			buildSettings = {
				ALWAYS_EMBED_SWIFT_STANDARD_LIBRARIES = YES;
				BUNDLE_LOADER = "$(TEST_HOST)";
				CODE_SIGN_STYLE = Automatic;
				CURRENT_PROJECT_VERSION = 1;
				GENERATE_INFOPLIST_FILE = YES;
				IPHONEOS_DEPLOYMENT_TARGET = 17.4;
				MARKETING_VERSION = 1.0;
				PRODUCT_BUNDLE_IDENTIFIER = "phakkharachate.jon.OPN-ChallengeTests";
				PRODUCT_NAME = "$(TARGET_NAME)";
				SWIFT_EMIT_LOC_STRINGS = NO;
				SWIFT_VERSION = 5.0;
				TARGETED_DEVICE_FAMILY = "1,2";
				TEST_HOST = "$(BUILT_PRODUCTS_DIR)/OPN-Challenge.app/$(BUNDLE_EXECUTABLE_FOLDER_PATH)/OPN-Challenge";
			};
			name = Release;
		};
		7395560D2BEFF8E2004AC74E /* Debug */ = {
			isa = XCBuildConfiguration;
			buildSettings = {
				ALWAYS_EMBED_SWIFT_STANDARD_LIBRARIES = YES;
				CODE_SIGN_STYLE = Automatic;
				CURRENT_PROJECT_VERSION = 1;
				GENERATE_INFOPLIST_FILE = YES;
				MARKETING_VERSION = 1.0;
				PRODUCT_BUNDLE_IDENTIFIER = "phakkharachate.jon.OPN-ChallengeUITests";
				PRODUCT_NAME = "$(TARGET_NAME)";
				SWIFT_EMIT_LOC_STRINGS = NO;
				SWIFT_VERSION = 5.0;
				TARGETED_DEVICE_FAMILY = "1,2";
				TEST_TARGET_NAME = "OPN-Challenge";
			};
			name = Debug;
		};
		7395560E2BEFF8E2004AC74E /* Release */ = {
			isa = XCBuildConfiguration;
			buildSettings = {
				ALWAYS_EMBED_SWIFT_STANDARD_LIBRARIES = YES;
				CODE_SIGN_STYLE = Automatic;
				CURRENT_PROJECT_VERSION = 1;
				GENERATE_INFOPLIST_FILE = YES;
				MARKETING_VERSION = 1.0;
				PRODUCT_BUNDLE_IDENTIFIER = "phakkharachate.jon.OPN-ChallengeUITests";
				PRODUCT_NAME = "$(TARGET_NAME)";
				SWIFT_EMIT_LOC_STRINGS = NO;
				SWIFT_VERSION = 5.0;
				TARGETED_DEVICE_FAMILY = "1,2";
				TEST_TARGET_NAME = "OPN-Challenge";
			};
			name = Release;
		};
/* End XCBuildConfiguration section */

/* Begin XCConfigurationList section */
		739555D72BEFF8DA004AC74E /* Build configuration list for PBXProject "OPN-Challenge" */ = {
			isa = XCConfigurationList;
			buildConfigurations = (
				739556042BEFF8E2004AC74E /* Debug */,
				739556052BEFF8E2004AC74E /* Release */,
			);
			defaultConfigurationIsVisible = 0;
			defaultConfigurationName = Release;
		};
		739556062BEFF8E2004AC74E /* Build configuration list for PBXNativeTarget "OPN-Challenge" */ = {
			isa = XCConfigurationList;
			buildConfigurations = (
				739556072BEFF8E2004AC74E /* Debug */,
				739556082BEFF8E2004AC74E /* Release */,
			);
			defaultConfigurationIsVisible = 0;
			defaultConfigurationName = Release;
		};
		739556092BEFF8E2004AC74E /* Build configuration list for PBXNativeTarget "OPN-ChallengeTests" */ = {
			isa = XCConfigurationList;
			buildConfigurations = (
				7395560A2BEFF8E2004AC74E /* Debug */,
				7395560B2BEFF8E2004AC74E /* Release */,
			);
			defaultConfigurationIsVisible = 0;
			defaultConfigurationName = Release;
		};
		7395560C2BEFF8E2004AC74E /* Build configuration list for PBXNativeTarget "OPN-ChallengeUITests" */ = {
			isa = XCConfigurationList;
			buildConfigurations = (
				7395560D2BEFF8E2004AC74E /* Debug */,
				7395560E2BEFF8E2004AC74E /* Release */,
			);
			defaultConfigurationIsVisible = 0;
			defaultConfigurationName = Release;
		};
/* End XCConfigurationList section */
	};
	rootObject = 739555D42BEFF8DA004AC74E /* Project object */;
}
