// !$*UTF8*$!
{
	archiveVersion = 1;
	classes = {
	};
	objectVersion = 56;
	objects = {

/* Begin PBXBuildFile section */
		739555E02BEFF8DA004AC74E /* AppDelegate.swift in Sources */ = {isa = PBXBuildFile; fileRef = 739555DF2BEFF8DA004AC74E /* AppDelegate.swift */; };
		739555E22BEFF8DA004AC74E /* SceneDelegate.swift in Sources */ = {isa = PBXBuildFile; fileRef = 739555E12BEFF8DA004AC74E /* SceneDelegate.swift */; };
		739555E72BEFF8DA004AC74E /* Base in Resources */ = {isa = PBXBuildFile; fileRef = 739555E62BEFF8DA004AC74E /* Base */; };
		739555E92BEFF8E0004AC74E /* Assets.xcassets in Resources */ = {isa = PBXBuildFile; fileRef = 739555E82BEFF8E0004AC74E /* Assets.xcassets */; };
		739555EC2BEFF8E0004AC74E /* Base in Resources */ = {isa = PBXBuildFile; fileRef = 739555EB2BEFF8E0004AC74E /* Base */; };
		739556162BEFFC1B004AC74E /* HomeProductPresenter.swift in Sources */ = {isa = PBXBuildFile; fileRef = 739556102BEFFC1B004AC74E /* HomeProductPresenter.swift */; };
		739556182BEFFC1B004AC74E /* HomeProductRouter.swift in Sources */ = {isa = PBXBuildFile; fileRef = 739556122BEFFC1B004AC74E /* HomeProductRouter.swift */; };
		739556192BEFFC1B004AC74E /* HomeProductModels.swift in Sources */ = {isa = PBXBuildFile; fileRef = 739556132BEFFC1B004AC74E /* HomeProductModels.swift */; };
		7395561A2BEFFC1B004AC74E /* HomeProductViewController.swift in Sources */ = {isa = PBXBuildFile; fileRef = 739556142BEFFC1B004AC74E /* HomeProductViewController.swift */; };
		7395561B2BEFFC1B004AC74E /* HomeProductInteractor.swift in Sources */ = {isa = PBXBuildFile; fileRef = 739556152BEFFC1B004AC74E /* HomeProductInteractor.swift */; };
		7395561E2BF001A2004AC74E /* UIColorExtension.swift in Sources */ = {isa = PBXBuildFile; fileRef = 7395561D2BF001A2004AC74E /* UIColorExtension.swift */; };
		739556212BF004EE004AC74E /* UIViewExtension.swift in Sources */ = {isa = PBXBuildFile; fileRef = 739556202BF004EE004AC74E /* UIViewExtension.swift */; };
		739556232BF005C5004AC74E /* Main.storyboard in Resources */ = {isa = PBXBuildFile; fileRef = 739556222BF005C5004AC74E /* Main.storyboard */; };
		739556252BF005D9004AC74E /* ViewController.swift in Sources */ = {isa = PBXBuildFile; fileRef = 739556242BF005D9004AC74E /* ViewController.swift */; };
		739556272BF0129B004AC74E /* DateFormatter.swift in Sources */ = {isa = PBXBuildFile; fileRef = 739556262BF0129B004AC74E /* DateFormatter.swift */; };
		739556322BF018F0004AC74E /* ProductTableViewCell.xib in Resources */ = {isa = PBXBuildFile; fileRef = 739556312BF018F0004AC74E /* ProductTableViewCell.xib */; };
		739556332BF018F0004AC74E /* ProductTableViewCell.swift in Sources */ = {isa = PBXBuildFile; fileRef = 739556302BF018F0004AC74E /* ProductTableViewCell.swift */; };
		739556352BF01931004AC74E /* HomeProductViewController+TableView.swift in Sources */ = {isa = PBXBuildFile; fileRef = 739556342BF01931004AC74E /* HomeProductViewController+TableView.swift */; };
		739556372BF028B6004AC74E /* ImageUtils.swift in Sources */ = {isa = PBXBuildFile; fileRef = 739556362BF028B6004AC74E /* ImageUtils.swift */; };
		7395563A2BF028F8004AC74E /* KingfisherImageResoure.swift in Sources */ = {isa = PBXBuildFile; fileRef = 739556392BF028F8004AC74E /* KingfisherImageResoure.swift */; };
		7395563F2BF0C7F8004AC74E /* BaseAPI.swift in Sources */ = {isa = PBXBuildFile; fileRef = 7395563E2BF0C7F8004AC74E /* BaseAPI.swift */; };
		739556412BF0C81D004AC74E /* Environment.swift in Sources */ = {isa = PBXBuildFile; fileRef = 739556402BF0C81D004AC74E /* Environment.swift */; };
		739556432BF0CA3F004AC74E /* BaseService.swift in Sources */ = {isa = PBXBuildFile; fileRef = 739556422BF0CA3F004AC74E /* BaseService.swift */; };
		739556452BF0CA5B004AC74E /* NetworkRequestRetrier.swift in Sources */ = {isa = PBXBuildFile; fileRef = 739556442BF0CA5B004AC74E /* NetworkRequestRetrier.swift */; };
		739556472BF0CA8F004AC74E /* ResponseHandler.swift in Sources */ = {isa = PBXBuildFile; fileRef = 739556462BF0CA8F004AC74E /* ResponseHandler.swift */; };
		7395564A2BF0CABB004AC74E /* BaseErrorModel.swift in Sources */ = {isa = PBXBuildFile; fileRef = 739556492BF0CABB004AC74E /* BaseErrorModel.swift */; };
		7395564C2BF0CAE7004AC74E /* ServiceError.swift in Sources */ = {isa = PBXBuildFile; fileRef = 7395564B2BF0CAE7004AC74E /* ServiceError.swift */; };
		7395564E2BF0CB14004AC74E /* ResponseModel.swift in Sources */ = {isa = PBXBuildFile; fileRef = 7395564D2BF0CB14004AC74E /* ResponseModel.swift */; };
		739556502BF0CC4B004AC74E /* ServiceConnection.swift in Sources */ = {isa = PBXBuildFile; fileRef = 7395564F2BF0CC4B004AC74E /* ServiceConnection.swift */; };
		739556522BF0CC7A004AC74E /* RequestModel.swift in Sources */ = {isa = PBXBuildFile; fileRef = 739556512BF0CC7A004AC74E /* RequestModel.swift */; };
		7395565E2BF0DF5F004AC74E /* BaseXIBView.swift in Sources */ = {isa = PBXBuildFile; fileRef = 739556562BF0DF5F004AC74E /* BaseXIBView.swift */; };
		7395565F2BF0DF5F004AC74E /* UILoadingFullView.xib in Resources */ = {isa = PBXBuildFile; fileRef = 739556572BF0DF5F004AC74E /* UILoadingFullView.xib */; };
		739556602BF0DF5F004AC74E /* UILoadingFullViewInteractor.swift in Sources */ = {isa = PBXBuildFile; fileRef = 739556582BF0DF5F004AC74E /* UILoadingFullViewInteractor.swift */; };
		739556612BF0DF5F004AC74E /* UILoadingFullViewModels.swift in Sources */ = {isa = PBXBuildFile; fileRef = 739556592BF0DF5F004AC74E /* UILoadingFullViewModels.swift */; };
		739556622BF0DF5F004AC74E /* UILoadingFullViewPresenter.swift in Sources */ = {isa = PBXBuildFile; fileRef = 7395565A2BF0DF5F004AC74E /* UILoadingFullViewPresenter.swift */; };
		739556632BF0DF5F004AC74E /* UILoadingFullViewRouter.swift in Sources */ = {isa = PBXBuildFile; fileRef = 7395565B2BF0DF5F004AC74E /* UILoadingFullViewRouter.swift */; };
		739556642BF0DF5F004AC74E /* UILoadingFullViewViewController.swift in Sources */ = {isa = PBXBuildFile; fileRef = 7395565C2BF0DF5F004AC74E /* UILoadingFullViewViewController.swift */; };
		739556682BF0F396004AC74E /* StubHomeProductService.swift in Sources */ = {isa = PBXBuildFile; fileRef = 739556672BF0F396004AC74E /* StubHomeProductService.swift */; };
		7395566B2BF0F69C004AC74E /* HomeProductInteractorTests.swift in Sources */ = {isa = PBXBuildFile; fileRef = 7395566A2BF0F69C004AC74E /* HomeProductInteractorTests.swift */; };
		73CE6B432BF0FF650052CD8B /* HomeProductPresenterTests.swift in Sources */ = {isa = PBXBuildFile; fileRef = 73CE6B422BF0FF650052CD8B /* HomeProductPresenterTests.swift */; };
		73CE6B4B2BF102D20052CD8B /* ProductSummaryPresenter.swift in Sources */ = {isa = PBXBuildFile; fileRef = 73CE6B452BF102D20052CD8B /* ProductSummaryPresenter.swift */; };
		73CE6B4D2BF102D20052CD8B /* ProductSummaryRouter.swift in Sources */ = {isa = PBXBuildFile; fileRef = 73CE6B472BF102D20052CD8B /* ProductSummaryRouter.swift */; };
		73CE6B4E2BF102D20052CD8B /* ProductSummaryModels.swift in Sources */ = {isa = PBXBuildFile; fileRef = 73CE6B482BF102D20052CD8B /* ProductSummaryModels.swift */; };
		73CE6B4F2BF102D20052CD8B /* ProductSummaryViewController.swift in Sources */ = {isa = PBXBuildFile; fileRef = 73CE6B492BF102D20052CD8B /* ProductSummaryViewController.swift */; };
		73CE6B502BF102D20052CD8B /* ProductSummaryInteractor.swift in Sources */ = {isa = PBXBuildFile; fileRef = 73CE6B4A2BF102D20052CD8B /* ProductSummaryInteractor.swift */; };
		73CE6B522BF102EA0052CD8B /* ProductSummary.storyboard in Resources */ = {isa = PBXBuildFile; fileRef = 73CE6B512BF102EA0052CD8B /* ProductSummary.storyboard */; };
		73CE6B542BF1107F0052CD8B /* ProductSumaryViewController+TableView.swift in Sources */ = {isa = PBXBuildFile; fileRef = 73CE6B532BF1107F0052CD8B /* ProductSumaryViewController+TableView.swift */; };
		73CE6B562BF119880052CD8B /* ProductSummaryViewController+TextView.swift in Sources */ = {isa = PBXBuildFile; fileRef = 73CE6B552BF119880052CD8B /* ProductSummaryViewController+TextView.swift */; };
		AA06D3D5FD48A457D3189C5C /* Pods_OPN_ChallengeTests.framework in Frameworks */ = {isa = PBXBuildFile; fileRef = EBC011E77B1AF7ADBC527B7E /* Pods_OPN_ChallengeTests.framework */; };
		B6DEC6E51521EC1B2633083C /* Pods_OPN_Challenge_OPN_ChallengeUITests.framework in Frameworks */ = {isa = PBXBuildFile; fileRef = F457EF9EFD3978A42D1B43EB /* Pods_OPN_Challenge_OPN_ChallengeUITests.framework */; };
		DFCEF3341560DBA2A56575C0 /* Pods_OPN_Challenge.framework in Frameworks */ = {isa = PBXBuildFile; fileRef = B18C9219862D4F67521B275C /* Pods_OPN_Challenge.framework */; };
/* End PBXBuildFile section */

/* Begin PBXContainerItemProxy section */
		739555F32BEFF8E2004AC74E /* PBXContainerItemProxy */ = {
			isa = PBXContainerItemProxy;
			containerPortal = 739555D42BEFF8DA004AC74E /* Project object */;
			proxyType = 1;
			remoteGlobalIDString = 739555DB2BEFF8DA004AC74E;
			remoteInfo = "OPN-Challenge";
		};
		739555FD2BEFF8E2004AC74E /* PBXContainerItemProxy */ = {
			isa = PBXContainerItemProxy;
			containerPortal = 739555D42BEFF8DA004AC74E /* Project object */;
			proxyType = 1;
			remoteGlobalIDString = 739555DB2BEFF8DA004AC74E;
			remoteInfo = "OPN-Challenge";
		};
/* End PBXContainerItemProxy section */

/* Begin PBXFileReference section */
		167362BF7387B6588D25ED62 /* Pods-OPN-Challenge-OPN-ChallengeUITests.release.xcconfig */ = {isa = PBXFileReference; includeInIndex = 1; lastKnownFileType = text.xcconfig; name = "Pods-OPN-Challenge-OPN-ChallengeUITests.release.xcconfig"; path = "Target Support Files/Pods-OPN-Challenge-OPN-ChallengeUITests/Pods-OPN-Challenge-OPN-ChallengeUITests.release.xcconfig"; sourceTree = "<group>"; };
		1BE5106107E612795AD41D1D /* Pods-OPN-Challenge.debug.xcconfig */ = {isa = PBXFileReference; includeInIndex = 1; lastKnownFileType = text.xcconfig; name = "Pods-OPN-Challenge.debug.xcconfig"; path = "Target Support Files/Pods-OPN-Challenge/Pods-OPN-Challenge.debug.xcconfig"; sourceTree = "<group>"; };
		3008B46CBAF0EAE44827CD78 /* Pods-OPN-Challenge-OPN-ChallengeUITests.debug.xcconfig */ = {isa = PBXFileReference; includeInIndex = 1; lastKnownFileType = text.xcconfig; name = "Pods-OPN-Challenge-OPN-ChallengeUITests.debug.xcconfig"; path = "Target Support Files/Pods-OPN-Challenge-OPN-ChallengeUITests/Pods-OPN-Challenge-OPN-ChallengeUITests.debug.xcconfig"; sourceTree = "<group>"; };
		34CCF0BE249FC5DDC6A1D616 /* Pods-OPN-ChallengeTests.release.xcconfig */ = {isa = PBXFileReference; includeInIndex = 1; lastKnownFileType = text.xcconfig; name = "Pods-OPN-ChallengeTests.release.xcconfig"; path = "Target Support Files/Pods-OPN-ChallengeTests/Pods-OPN-ChallengeTests.release.xcconfig"; sourceTree = "<group>"; };
		739555DC2BEFF8DA004AC74E /* OPN-Challenge.app */ = {isa = PBXFileReference; explicitFileType = wrapper.application; includeInIndex = 0; path = "OPN-Challenge.app"; sourceTree = BUILT_PRODUCTS_DIR; };
		739555DF2BEFF8DA004AC74E /* AppDelegate.swift */ = {isa = PBXFileReference; lastKnownFileType = sourcecode.swift; path = AppDelegate.swift; sourceTree = "<group>"; };
		739555E12BEFF8DA004AC74E /* SceneDelegate.swift */ = {isa = PBXFileReference; lastKnownFileType = sourcecode.swift; path = SceneDelegate.swift; sourceTree = "<group>"; };
		739555E62BEFF8DA004AC74E /* Base */ = {isa = PBXFileReference; lastKnownFileType = file.storyboard; name = Base; path = Base.lproj/HomeProduct.storyboard; sourceTree = "<group>"; };
		739555E82BEFF8E0004AC74E /* Assets.xcassets */ = {isa = PBXFileReference; lastKnownFileType = folder.assetcatalog; path = Assets.xcassets; sourceTree = "<group>"; };
		739555EB2BEFF8E0004AC74E /* Base */ = {isa = PBXFileReference; lastKnownFileType = file.storyboard; name = Base; path = Base.lproj/LaunchScreen.storyboard; sourceTree = "<group>"; };
		739555ED2BEFF8E0004AC74E /* Info.plist */ = {isa = PBXFileReference; lastKnownFileType = text.plist.xml; path = Info.plist; sourceTree = "<group>"; };
		739555F22BEFF8E2004AC74E /* OPN-ChallengeTests.xctest */ = {isa = PBXFileReference; explicitFileType = wrapper.cfbundle; includeInIndex = 0; path = "OPN-ChallengeTests.xctest"; sourceTree = BUILT_PRODUCTS_DIR; };
		739555FC2BEFF8E2004AC74E /* OPN-ChallengeUITests.xctest */ = {isa = PBXFileReference; explicitFileType = wrapper.cfbundle; includeInIndex = 0; path = "OPN-ChallengeUITests.xctest"; sourceTree = BUILT_PRODUCTS_DIR; };
		739556102BEFFC1B004AC74E /* HomeProductPresenter.swift */ = {isa = PBXFileReference; lastKnownFileType = sourcecode.swift; path = HomeProductPresenter.swift; sourceTree = "<group>"; };
		739556122BEFFC1B004AC74E /* HomeProductRouter.swift */ = {isa = PBXFileReference; lastKnownFileType = sourcecode.swift; path = HomeProductRouter.swift; sourceTree = "<group>"; };
		739556132BEFFC1B004AC74E /* HomeProductModels.swift */ = {isa = PBXFileReference; lastKnownFileType = sourcecode.swift; path = HomeProductModels.swift; sourceTree = "<group>"; };
		739556142BEFFC1B004AC74E /* HomeProductViewController.swift */ = {isa = PBXFileReference; lastKnownFileType = sourcecode.swift; path = HomeProductViewController.swift; sourceTree = "<group>"; };
		739556152BEFFC1B004AC74E /* HomeProductInteractor.swift */ = {isa = PBXFileReference; lastKnownFileType = sourcecode.swift; path = HomeProductInteractor.swift; sourceTree = "<group>"; };
		7395561D2BF001A2004AC74E /* UIColorExtension.swift */ = {isa = PBXFileReference; lastKnownFileType = sourcecode.swift; path = UIColorExtension.swift; sourceTree = "<group>"; };
		739556202BF004EE004AC74E /* UIViewExtension.swift */ = {isa = PBXFileReference; lastKnownFileType = sourcecode.swift; path = UIViewExtension.swift; sourceTree = "<group>"; };
		739556222BF005C5004AC74E /* Main.storyboard */ = {isa = PBXFileReference; lastKnownFileType = file.storyboard; path = Main.storyboard; sourceTree = "<group>"; };
		739556242BF005D9004AC74E /* ViewController.swift */ = {isa = PBXFileReference; lastKnownFileType = sourcecode.swift; path = ViewController.swift; sourceTree = "<group>"; };
		739556262BF0129B004AC74E /* DateFormatter.swift */ = {isa = PBXFileReference; lastKnownFileType = sourcecode.swift; path = DateFormatter.swift; sourceTree = "<group>"; };
		739556302BF018F0004AC74E /* ProductTableViewCell.swift */ = {isa = PBXFileReference; lastKnownFileType = sourcecode.swift; path = ProductTableViewCell.swift; sourceTree = "<group>"; };
		739556312BF018F0004AC74E /* ProductTableViewCell.xib */ = {isa = PBXFileReference; lastKnownFileType = file.xib; path = ProductTableViewCell.xib; sourceTree = "<group>"; };
		739556342BF01931004AC74E /* HomeProductViewController+TableView.swift */ = {isa = PBXFileReference; lastKnownFileType = sourcecode.swift; path = "HomeProductViewController+TableView.swift"; sourceTree = "<group>"; };
		739556362BF028B6004AC74E /* ImageUtils.swift */ = {isa = PBXFileReference; lastKnownFileType = sourcecode.swift; path = ImageUtils.swift; sourceTree = "<group>"; };
		739556392BF028F8004AC74E /* KingfisherImageResoure.swift */ = {isa = PBXFileReference; lastKnownFileType = sourcecode.swift; path = KingfisherImageResoure.swift; sourceTree = "<group>"; };
		7395563E2BF0C7F8004AC74E /* BaseAPI.swift */ = {isa = PBXFileReference; lastKnownFileType = sourcecode.swift; path = BaseAPI.swift; sourceTree = "<group>"; };
		739556402BF0C81D004AC74E /* Environment.swift */ = {isa = PBXFileReference; lastKnownFileType = sourcecode.swift; path = Environment.swift; sourceTree = "<group>"; };
		739556422BF0CA3F004AC74E /* BaseService.swift */ = {isa = PBXFileReference; lastKnownFileType = sourcecode.swift; path = BaseService.swift; sourceTree = "<group>"; };
		739556442BF0CA5B004AC74E /* NetworkRequestRetrier.swift */ = {isa = PBXFileReference; lastKnownFileType = sourcecode.swift; path = NetworkRequestRetrier.swift; sourceTree = "<group>"; };
		739556462BF0CA8F004AC74E /* ResponseHandler.swift */ = {isa = PBXFileReference; lastKnownFileType = sourcecode.swift; path = ResponseHandler.swift; sourceTree = "<group>"; };
		739556492BF0CABB004AC74E /* BaseErrorModel.swift */ = {isa = PBXFileReference; lastKnownFileType = sourcecode.swift; path = BaseErrorModel.swift; sourceTree = "<group>"; };
		7395564B2BF0CAE7004AC74E /* ServiceError.swift */ = {isa = PBXFileReference; lastKnownFileType = sourcecode.swift; path = ServiceError.swift; sourceTree = "<group>"; };
		7395564D2BF0CB14004AC74E /* ResponseModel.swift */ = {isa = PBXFileReference; lastKnownFileType = sourcecode.swift; path = ResponseModel.swift; sourceTree = "<group>"; };
		7395564F2BF0CC4B004AC74E /* ServiceConnection.swift */ = {isa = PBXFileReference; lastKnownFileType = sourcecode.swift; path = ServiceConnection.swift; sourceTree = "<group>"; };
		739556512BF0CC7A004AC74E /* RequestModel.swift */ = {isa = PBXFileReference; lastKnownFileType = sourcecode.swift; path = RequestModel.swift; sourceTree = "<group>"; };
		739556562BF0DF5F004AC74E /* BaseXIBView.swift */ = {isa = PBXFileReference; fileEncoding = 4; lastKnownFileType = sourcecode.swift; path = BaseXIBView.swift; sourceTree = "<group>"; };
		739556572BF0DF5F004AC74E /* UILoadingFullView.xib */ = {isa = PBXFileReference; fileEncoding = 4; lastKnownFileType = file.xib; path = UILoadingFullView.xib; sourceTree = "<group>"; };
		739556582BF0DF5F004AC74E /* UILoadingFullViewInteractor.swift */ = {isa = PBXFileReference; fileEncoding = 4; lastKnownFileType = sourcecode.swift; path = UILoadingFullViewInteractor.swift; sourceTree = "<group>"; };
		739556592BF0DF5F004AC74E /* UILoadingFullViewModels.swift */ = {isa = PBXFileReference; fileEncoding = 4; lastKnownFileType = sourcecode.swift; path = UILoadingFullViewModels.swift; sourceTree = "<group>"; };
		7395565A2BF0DF5F004AC74E /* UILoadingFullViewPresenter.swift */ = {isa = PBXFileReference; fileEncoding = 4; lastKnownFileType = sourcecode.swift; path = UILoadingFullViewPresenter.swift; sourceTree = "<group>"; };
		7395565B2BF0DF5F004AC74E /* UILoadingFullViewRouter.swift */ = {isa = PBXFileReference; fileEncoding = 4; lastKnownFileType = sourcecode.swift; path = UILoadingFullViewRouter.swift; sourceTree = "<group>"; };
		7395565C2BF0DF5F004AC74E /* UILoadingFullViewViewController.swift */ = {isa = PBXFileReference; fileEncoding = 4; lastKnownFileType = sourcecode.swift; path = UILoadingFullViewViewController.swift; sourceTree = "<group>"; };
		739556672BF0F396004AC74E /* StubHomeProductService.swift */ = {isa = PBXFileReference; lastKnownFileType = sourcecode.swift; path = StubHomeProductService.swift; sourceTree = "<group>"; };
		7395566A2BF0F69C004AC74E /* HomeProductInteractorTests.swift */ = {isa = PBXFileReference; lastKnownFileType = sourcecode.swift; path = HomeProductInteractorTests.swift; sourceTree = "<group>"; };
		73CE6B422BF0FF650052CD8B /* HomeProductPresenterTests.swift */ = {isa = PBXFileReference; lastKnownFileType = sourcecode.swift; path = HomeProductPresenterTests.swift; sourceTree = "<group>"; };
		73CE6B452BF102D20052CD8B /* ProductSummaryPresenter.swift */ = {isa = PBXFileReference; lastKnownFileType = sourcecode.swift; path = ProductSummaryPresenter.swift; sourceTree = "<group>"; };
		73CE6B472BF102D20052CD8B /* ProductSummaryRouter.swift */ = {isa = PBXFileReference; lastKnownFileType = sourcecode.swift; path = ProductSummaryRouter.swift; sourceTree = "<group>"; };
		73CE6B482BF102D20052CD8B /* ProductSummaryModels.swift */ = {isa = PBXFileReference; lastKnownFileType = sourcecode.swift; path = ProductSummaryModels.swift; sourceTree = "<group>"; };
		73CE6B492BF102D20052CD8B /* ProductSummaryViewController.swift */ = {isa = PBXFileReference; lastKnownFileType = sourcecode.swift; path = ProductSummaryViewController.swift; sourceTree = "<group>"; };
		73CE6B4A2BF102D20052CD8B /* ProductSummaryInteractor.swift */ = {isa = PBXFileReference; lastKnownFileType = sourcecode.swift; path = ProductSummaryInteractor.swift; sourceTree = "<group>"; };
		73CE6B512BF102EA0052CD8B /* ProductSummary.storyboard */ = {isa = PBXFileReference; lastKnownFileType = file.storyboard; path = ProductSummary.storyboard; sourceTree = "<group>"; };
		73CE6B532BF1107F0052CD8B /* ProductSumaryViewController+TableView.swift */ = {isa = PBXFileReference; lastKnownFileType = sourcecode.swift; path = "ProductSumaryViewController+TableView.swift"; sourceTree = "<group>"; };
		73CE6B552BF119880052CD8B /* ProductSummaryViewController+TextView.swift */ = {isa = PBXFileReference; lastKnownFileType = sourcecode.swift; path = "ProductSummaryViewController+TextView.swift"; sourceTree = "<group>"; };
		7D4AB8114A17238EF43803E6 /* Pods-OPN-Challenge.release.xcconfig */ = {isa = PBXFileReference; includeInIndex = 1; lastKnownFileType = text.xcconfig; name = "Pods-OPN-Challenge.release.xcconfig"; path = "Target Support Files/Pods-OPN-Challenge/Pods-OPN-Challenge.release.xcconfig"; sourceTree = "<group>"; };
		B18C9219862D4F67521B275C /* Pods_OPN_Challenge.framework */ = {isa = PBXFileReference; explicitFileType = wrapper.framework; includeInIndex = 0; path = Pods_OPN_Challenge.framework; sourceTree = BUILT_PRODUCTS_DIR; };
		C453A3A53A15AE7491B28818 /* Pods-OPN-ChallengeTests.debug.xcconfig */ = {isa = PBXFileReference; includeInIndex = 1; lastKnownFileType = text.xcconfig; name = "Pods-OPN-ChallengeTests.debug.xcconfig"; path = "Target Support Files/Pods-OPN-ChallengeTests/Pods-OPN-ChallengeTests.debug.xcconfig"; sourceTree = "<group>"; };
		EBC011E77B1AF7ADBC527B7E /* Pods_OPN_ChallengeTests.framework */ = {isa = PBXFileReference; explicitFileType = wrapper.framework; includeInIndex = 0; path = Pods_OPN_ChallengeTests.framework; sourceTree = BUILT_PRODUCTS_DIR; };
		F457EF9EFD3978A42D1B43EB /* Pods_OPN_Challenge_OPN_ChallengeUITests.framework */ = {isa = PBXFileReference; explicitFileType = wrapper.framework; includeInIndex = 0; path = Pods_OPN_Challenge_OPN_ChallengeUITests.framework; sourceTree = BUILT_PRODUCTS_DIR; };
/* End PBXFileReference section */

/* Begin PBXFrameworksBuildPhase section */
		739555D92BEFF8DA004AC74E /* Frameworks */ = {
			isa = PBXFrameworksBuildPhase;
			buildActionMask = 2147483647;
			files = (
				DFCEF3341560DBA2A56575C0 /* Pods_OPN_Challenge.framework in Frameworks */,
			);
			runOnlyForDeploymentPostprocessing = 0;
		};
		739555EF2BEFF8E2004AC74E /* Frameworks */ = {
			isa = PBXFrameworksBuildPhase;
			buildActionMask = 2147483647;
			files = (
				AA06D3D5FD48A457D3189C5C /* Pods_OPN_ChallengeTests.framework in Frameworks */,
			);
			runOnlyForDeploymentPostprocessing = 0;
		};
		739555F92BEFF8E2004AC74E /* Frameworks */ = {
			isa = PBXFrameworksBuildPhase;
			buildActionMask = 2147483647;
			files = (
				B6DEC6E51521EC1B2633083C /* Pods_OPN_Challenge_OPN_ChallengeUITests.framework in Frameworks */,
			);
			runOnlyForDeploymentPostprocessing = 0;
		};
/* End PBXFrameworksBuildPhase section */

/* Begin PBXGroup section */
		739555D32BEFF8DA004AC74E = {
			isa = PBXGroup;
			children = (
				739555DE2BEFF8DA004AC74E /* OPN-Challenge */,
				739555F52BEFF8E2004AC74E /* OPN-ChallengeTests */,
				739555FF2BEFF8E2004AC74E /* OPN-ChallengeUITests */,
				739555DD2BEFF8DA004AC74E /* Products */,
				DA86BAAF8F2830EE47419387 /* Pods */,
				ECA71DB9F59A64DD6E9257CD /* Frameworks */,
			);
			sourceTree = "<group>";
		};
		739555DD2BEFF8DA004AC74E /* Products */ = {
			isa = PBXGroup;
			children = (
				739555DC2BEFF8DA004AC74E /* OPN-Challenge.app */,
				739555F22BEFF8E2004AC74E /* OPN-ChallengeTests.xctest */,
				739555FC2BEFF8E2004AC74E /* OPN-ChallengeUITests.xctest */,
			);
			name = Products;
			sourceTree = "<group>";
		};
		739555DE2BEFF8DA004AC74E /* OPN-Challenge */ = {
			isa = PBXGroup;
			children = (
				7395563C2BF0C7C9004AC74E /* Service */,
				7395563B2BF02F3F004AC74E /* Scenes */,
				739556382BF028EC004AC74E /* Common */,
				7395561F2BF001A6004AC74E /* Extensions */,
				7395561C2BF0018C004AC74E /* Utilities */,
				739555DF2BEFF8DA004AC74E /* AppDelegate.swift */,
				739555E12BEFF8DA004AC74E /* SceneDelegate.swift */,
				739555E82BEFF8E0004AC74E /* Assets.xcassets */,
				739555EA2BEFF8E0004AC74E /* LaunchScreen.storyboard */,
				739555ED2BEFF8E0004AC74E /* Info.plist */,
				739556222BF005C5004AC74E /* Main.storyboard */,
				739556242BF005D9004AC74E /* ViewController.swift */,
			);
			path = "OPN-Challenge";
			sourceTree = "<group>";
		};
		739555F52BEFF8E2004AC74E /* OPN-ChallengeTests */ = {
			isa = PBXGroup;
			children = (
				739556652BF0F352004AC74E /* HomeProduct */,
			);
			path = "OPN-ChallengeTests";
			sourceTree = "<group>";
		};
		739555FF2BEFF8E2004AC74E /* OPN-ChallengeUITests */ = {
			isa = PBXGroup;
			children = (
			);
			path = "OPN-ChallengeUITests";
			sourceTree = "<group>";
		};
		7395560F2BEFFBEA004AC74E /* HomeProduct */ = {
			isa = PBXGroup;
			children = (
				739556102BEFFC1B004AC74E /* HomeProductPresenter.swift */,
				739556122BEFFC1B004AC74E /* HomeProductRouter.swift */,
				739556132BEFFC1B004AC74E /* HomeProductModels.swift */,
				739556142BEFFC1B004AC74E /* HomeProductViewController.swift */,
				739556152BEFFC1B004AC74E /* HomeProductInteractor.swift */,
				739555E52BEFF8DA004AC74E /* HomeProduct.storyboard */,
				739556342BF01931004AC74E /* HomeProductViewController+TableView.swift */,
			);
			path = HomeProduct;
			sourceTree = "<group>";
		};
		7395561C2BF0018C004AC74E /* Utilities */ = {
			isa = PBXGroup;
			children = (
				739556262BF0129B004AC74E /* DateFormatter.swift */,
				739556362BF028B6004AC74E /* ImageUtils.swift */,
			);
			path = Utilities;
			sourceTree = "<group>";
		};
		7395561F2BF001A6004AC74E /* Extensions */ = {
			isa = PBXGroup;
			children = (
				7395561D2BF001A2004AC74E /* UIColorExtension.swift */,
				739556202BF004EE004AC74E /* UIViewExtension.swift */,
			);
			path = Extensions;
			sourceTree = "<group>";
		};
		7395562F2BF018D7004AC74E /* ProductCell */ = {
			isa = PBXGroup;
			children = (
				739556302BF018F0004AC74E /* ProductTableViewCell.swift */,
				739556312BF018F0004AC74E /* ProductTableViewCell.xib */,
			);
			path = ProductCell;
			sourceTree = "<group>";
		};
		739556382BF028EC004AC74E /* Common */ = {
			isa = PBXGroup;
			children = (
				739556392BF028F8004AC74E /* KingfisherImageResoure.swift */,
			);
			path = Common;
			sourceTree = "<group>";
		};
		7395563B2BF02F3F004AC74E /* Scenes */ = {
			isa = PBXGroup;
			children = (
				739556552BF0DF53004AC74E /* CommonView */,
				73CE6B442BF102BE0052CD8B /* ProductSummary */,
				7395560F2BEFFBEA004AC74E /* HomeProduct */,
			);
			path = Scenes;
			sourceTree = "<group>";
		};
		7395563C2BF0C7C9004AC74E /* Service */ = {
			isa = PBXGroup;
			children = (
				739556482BF0CAB6004AC74E /* Model */,
				7395563D2BF0C7DE004AC74E /* BaseAPI */,
				739556422BF0CA3F004AC74E /* BaseService.swift */,
				739556442BF0CA5B004AC74E /* NetworkRequestRetrier.swift */,
				739556462BF0CA8F004AC74E /* ResponseHandler.swift */,
				7395564F2BF0CC4B004AC74E /* ServiceConnection.swift */,
			);
			path = Service;
			sourceTree = "<group>";
		};
		7395563D2BF0C7DE004AC74E /* BaseAPI */ = {
			isa = PBXGroup;
			children = (
				7395563E2BF0C7F8004AC74E /* BaseAPI.swift */,
				739556402BF0C81D004AC74E /* Environment.swift */,
			);
			path = BaseAPI;
			sourceTree = "<group>";
		};
		739556482BF0CAB6004AC74E /* Model */ = {
			isa = PBXGroup;
			children = (
				739556492BF0CABB004AC74E /* BaseErrorModel.swift */,
				7395564B2BF0CAE7004AC74E /* ServiceError.swift */,
				7395564D2BF0CB14004AC74E /* ResponseModel.swift */,
				739556512BF0CC7A004AC74E /* RequestModel.swift */,
			);
			path = Model;
			sourceTree = "<group>";
		};
		739556552BF0DF53004AC74E /* CommonView */ = {
			isa = PBXGroup;
			children = (
				7395562F2BF018D7004AC74E /* ProductCell */,
				739556562BF0DF5F004AC74E /* BaseXIBView.swift */,
				7395565D2BF0DF5F004AC74E /* UILoadingFullView */,
			);
			path = CommonView;
			sourceTree = "<group>";
		};
		7395565D2BF0DF5F004AC74E /* UILoadingFullView */ = {
			isa = PBXGroup;
			children = (
				739556572BF0DF5F004AC74E /* UILoadingFullView.xib */,
				739556582BF0DF5F004AC74E /* UILoadingFullViewInteractor.swift */,
				739556592BF0DF5F004AC74E /* UILoadingFullViewModels.swift */,
				7395565A2BF0DF5F004AC74E /* UILoadingFullViewPresenter.swift */,
				7395565B2BF0DF5F004AC74E /* UILoadingFullViewRouter.swift */,
				7395565C2BF0DF5F004AC74E /* UILoadingFullViewViewController.swift */,
			);
			path = UILoadingFullView;
			sourceTree = "<group>";
		};
		739556652BF0F352004AC74E /* HomeProduct */ = {
			isa = PBXGroup;
			children = (
				739556692BF0F690004AC74E /* Scenes */,
				739556662BF0F35C004AC74E /* Stubs */,
			);
			path = HomeProduct;
			sourceTree = "<group>";
		};
		739556662BF0F35C004AC74E /* Stubs */ = {
			isa = PBXGroup;
			children = (
				739556672BF0F396004AC74E /* StubHomeProductService.swift */,
			);
			path = Stubs;
			sourceTree = "<group>";
		};
		739556692BF0F690004AC74E /* Scenes */ = {
			isa = PBXGroup;
			children = (
				7395566A2BF0F69C004AC74E /* HomeProductInteractorTests.swift */,
				73CE6B422BF0FF650052CD8B /* HomeProductPresenterTests.swift */,
			);
			path = Scenes;
			sourceTree = "<group>";
		};
		73CE6B442BF102BE0052CD8B /* ProductSummary */ = {
			isa = PBXGroup;
			children = (
				73CE6B452BF102D20052CD8B /* ProductSummaryPresenter.swift */,
				73CE6B472BF102D20052CD8B /* ProductSummaryRouter.swift */,
				73CE6B482BF102D20052CD8B /* ProductSummaryModels.swift */,
				73CE6B492BF102D20052CD8B /* ProductSummaryViewController.swift */,
				73CE6B4A2BF102D20052CD8B /* ProductSummaryInteractor.swift */,
				73CE6B512BF102EA0052CD8B /* ProductSummary.storyboard */,
				73CE6B532BF1107F0052CD8B /* ProductSumaryViewController+TableView.swift */,
				73CE6B552BF119880052CD8B /* ProductSummaryViewController+TextView.swift */,
			);
			path = ProductSummary;
			sourceTree = "<group>";
		};
		DA86BAAF8F2830EE47419387 /* Pods */ = {
			isa = PBXGroup;
			children = (
				1BE5106107E612795AD41D1D /* Pods-OPN-Challenge.debug.xcconfig */,
				7D4AB8114A17238EF43803E6 /* Pods-OPN-Challenge.release.xcconfig */,
				3008B46CBAF0EAE44827CD78 /* Pods-OPN-Challenge-OPN-ChallengeUITests.debug.xcconfig */,
				167362BF7387B6588D25ED62 /* Pods-OPN-Challenge-OPN-ChallengeUITests.release.xcconfig */,
				C453A3A53A15AE7491B28818 /* Pods-OPN-ChallengeTests.debug.xcconfig */,
				34CCF0BE249FC5DDC6A1D616 /* Pods-OPN-ChallengeTests.release.xcconfig */,
			);
			path = Pods;
			sourceTree = "<group>";
		};
		ECA71DB9F59A64DD6E9257CD /* Frameworks */ = {
			isa = PBXGroup;
			children = (
				B18C9219862D4F67521B275C /* Pods_OPN_Challenge.framework */,
				F457EF9EFD3978A42D1B43EB /* Pods_OPN_Challenge_OPN_ChallengeUITests.framework */,
				EBC011E77B1AF7ADBC527B7E /* Pods_OPN_ChallengeTests.framework */,
			);
			name = Frameworks;
			sourceTree = "<group>";
		};
/* End PBXGroup section */

/* Begin PBXNativeTarget section */
		739555DB2BEFF8DA004AC74E /* OPN-Challenge */ = {
			isa = PBXNativeTarget;
			buildConfigurationList = 739556062BEFF8E2004AC74E /* Build configuration list for PBXNativeTarget "OPN-Challenge" */;
			buildPhases = (
				04AC0B1AFEC8F0A16220A80F /* [CP] Check Pods Manifest.lock */,
				739555D82BEFF8DA004AC74E /* Sources */,
				739555D92BEFF8DA004AC74E /* Frameworks */,
				739555DA2BEFF8DA004AC74E /* Resources */,
				F92D609FCC58A56C13E4E790 /* [CP] Embed Pods Frameworks */,
			);
			buildRules = (
			);
			dependencies = (
			);
			name = "OPN-Challenge";
			productName = "OPN-Challenge";
			productReference = 739555DC2BEFF8DA004AC74E /* OPN-Challenge.app */;
			productType = "com.apple.product-type.application";
		};
		739555F12BEFF8E2004AC74E /* OPN-ChallengeTests */ = {
			isa = PBXNativeTarget;
			buildConfigurationList = 739556092BEFF8E2004AC74E /* Build configuration list for PBXNativeTarget "OPN-ChallengeTests" */;
			buildPhases = (
				B4DD256F1230CB25EC8F3C2E /* [CP] Check Pods Manifest.lock */,
				739555EE2BEFF8E2004AC74E /* Sources */,
				739555EF2BEFF8E2004AC74E /* Frameworks */,
				739555F02BEFF8E2004AC74E /* Resources */,
			);
			buildRules = (
			);
			dependencies = (
				739555F42BEFF8E2004AC74E /* PBXTargetDependency */,
			);
			name = "OPN-ChallengeTests";
			productName = "OPN-ChallengeTests";
			productReference = 739555F22BEFF8E2004AC74E /* OPN-ChallengeTests.xctest */;
			productType = "com.apple.product-type.bundle.unit-test";
		};
		739555FB2BEFF8E2004AC74E /* OPN-ChallengeUITests */ = {
			isa = PBXNativeTarget;
			buildConfigurationList = 7395560C2BEFF8E2004AC74E /* Build configuration list for PBXNativeTarget "OPN-ChallengeUITests" */;
			buildPhases = (
				EA2188C9C4F6750927F8B52D /* [CP] Check Pods Manifest.lock */,
				739555F82BEFF8E2004AC74E /* Sources */,
				739555F92BEFF8E2004AC74E /* Frameworks */,
				739555FA2BEFF8E2004AC74E /* Resources */,
				971194F79B2525E1A637981A /* [CP] Embed Pods Frameworks */,
			);
			buildRules = (
			);
			dependencies = (
				739555FE2BEFF8E2004AC74E /* PBXTargetDependency */,
			);
			name = "OPN-ChallengeUITests";
			productName = "OPN-ChallengeUITests";
			productReference = 739555FC2BEFF8E2004AC74E /* OPN-ChallengeUITests.xctest */;
			productType = "com.apple.product-type.bundle.ui-testing";
		};
/* End PBXNativeTarget section */

/* Begin PBXProject section */
		739555D42BEFF8DA004AC74E /* Project object */ = {
			isa = PBXProject;
			attributes = {
				BuildIndependentTargetsInParallel = 1;
				LastSwiftUpdateCheck = 1530;
				LastUpgradeCheck = 1530;
				TargetAttributes = {
					739555DB2BEFF8DA004AC74E = {
						CreatedOnToolsVersion = 15.3;
					};
					739555F12BEFF8E2004AC74E = {
						CreatedOnToolsVersion = 15.3;
						TestTargetID = 739555DB2BEFF8DA004AC74E;
					};
					739555FB2BEFF8E2004AC74E = {
						CreatedOnToolsVersion = 15.3;
						TestTargetID = 739555DB2BEFF8DA004AC74E;
					};
				};
			};
			buildConfigurationList = 739555D72BEFF8DA004AC74E /* Build configuration list for PBXProject "OPN-Challenge" */;
			compatibilityVersion = "Xcode 14.0";
			developmentRegion = en;
			hasScannedForEncodings = 0;
			knownRegions = (
				en,
				Base,
			);
			mainGroup = 739555D32BEFF8DA004AC74E;
			productRefGroup = 739555DD2BEFF8DA004AC74E /* Products */;
			projectDirPath = "";
			projectRoot = "";
			targets = (
				739555DB2BEFF8DA004AC74E /* OPN-Challenge */,
				739555F12BEFF8E2004AC74E /* OPN-ChallengeTests */,
				739555FB2BEFF8E2004AC74E /* OPN-ChallengeUITests */,
			);
		};
/* End PBXProject section */

/* Begin PBXResourcesBuildPhase section */
		739555DA2BEFF8DA004AC74E /* Resources */ = {
			isa = PBXResourcesBuildPhase;
			buildActionMask = 2147483647;
			files = (
				73CE6B522BF102EA0052CD8B /* ProductSummary.storyboard in Resources */,
				739555E92BEFF8E0004AC74E /* Assets.xcassets in Resources */,
				739555EC2BEFF8E0004AC74E /* Base in Resources */,
				739556322BF018F0004AC74E /* ProductTableViewCell.xib in Resources */,
				739555E72BEFF8DA004AC74E /* Base in Resources */,
				7395565F2BF0DF5F004AC74E /* UILoadingFullView.xib in Resources */,
				739556232BF005C5004AC74E /* Main.storyboard in Resources */,
			);
			runOnlyForDeploymentPostprocessing = 0;
		};
		739555F02BEFF8E2004AC74E /* Resources */ = {
			isa = PBXResourcesBuildPhase;
			buildActionMask = 2147483647;
			files = (
			);
			runOnlyForDeploymentPostprocessing = 0;
		};
		739555FA2BEFF8E2004AC74E /* Resources */ = {
			isa = PBXResourcesBuildPhase;
			buildActionMask = 2147483647;
			files = (
			);
			runOnlyForDeploymentPostprocessing = 0;
		};
/* End PBXResourcesBuildPhase section */

/* Begin PBXShellScriptBuildPhase section */
		04AC0B1AFEC8F0A16220A80F /* [CP] Check Pods Manifest.lock */ = {
			isa = PBXShellScriptBuildPhase;
			buildActionMask = 2147483647;
			files = (
			);
			inputFileListPaths = (
			);
			inputPaths = (
				"${PODS_PODFILE_DIR_PATH}/Podfile.lock",
				"${PODS_ROOT}/Manifest.lock",
			);
			name = "[CP] Check Pods Manifest.lock";
			outputFileListPaths = (
			);
			outputPaths = (
				"$(DERIVED_FILE_DIR)/Pods-OPN-Challenge-checkManifestLockResult.txt",
			);
			runOnlyForDeploymentPostprocessing = 0;
			shellPath = /bin/sh;
			shellScript = "diff \"${PODS_PODFILE_DIR_PATH}/Podfile.lock\" \"${PODS_ROOT}/Manifest.lock\" > /dev/null\nif [ $? != 0 ] ; then\n    # print error to STDERR\n    echo \"error: The sandbox is not in sync with the Podfile.lock. Run 'pod install' or update your CocoaPods installation.\" >&2\n    exit 1\nfi\n# This output is used by Xcode 'outputs' to avoid re-running this script phase.\necho \"SUCCESS\" > \"${SCRIPT_OUTPUT_FILE_0}\"\n";
			showEnvVarsInLog = 0;
		};
		971194F79B2525E1A637981A /* [CP] Embed Pods Frameworks */ = {
			isa = PBXShellScriptBuildPhase;
			buildActionMask = 2147483647;
			files = (
			);
			inputFileListPaths = (
				"${PODS_ROOT}/Target Support Files/Pods-OPN-Challenge-OPN-ChallengeUITests/Pods-OPN-Challenge-OPN-ChallengeUITests-frameworks-${CONFIGURATION}-input-files.xcfilelist",
			);
			name = "[CP] Embed Pods Frameworks";
			outputFileListPaths = (
				"${PODS_ROOT}/Target Support Files/Pods-OPN-Challenge-OPN-ChallengeUITests/Pods-OPN-Challenge-OPN-ChallengeUITests-frameworks-${CONFIGURATION}-output-files.xcfilelist",
			);
			runOnlyForDeploymentPostprocessing = 0;
			shellPath = /bin/sh;
			shellScript = "\"${PODS_ROOT}/Target Support Files/Pods-OPN-Challenge-OPN-ChallengeUITests/Pods-OPN-Challenge-OPN-ChallengeUITests-frameworks.sh\"\n";
			showEnvVarsInLog = 0;
		};
		B4DD256F1230CB25EC8F3C2E /* [CP] Check Pods Manifest.lock */ = {
			isa = PBXShellScriptBuildPhase;
			buildActionMask = 2147483647;
			files = (
			);
			inputFileListPaths = (
			);
			inputPaths = (
				"${PODS_PODFILE_DIR_PATH}/Podfile.lock",
				"${PODS_ROOT}/Manifest.lock",
			);
			name = "[CP] Check Pods Manifest.lock";
			outputFileListPaths = (
			);
			outputPaths = (
				"$(DERIVED_FILE_DIR)/Pods-OPN-ChallengeTests-checkManifestLockResult.txt",
			);
			runOnlyForDeploymentPostprocessing = 0;
			shellPath = /bin/sh;
			shellScript = "diff \"${PODS_PODFILE_DIR_PATH}/Podfile.lock\" \"${PODS_ROOT}/Manifest.lock\" > /dev/null\nif [ $? != 0 ] ; then\n    # print error to STDERR\n    echo \"error: The sandbox is not in sync with the Podfile.lock. Run 'pod install' or update your CocoaPods installation.\" >&2\n    exit 1\nfi\n# This output is used by Xcode 'outputs' to avoid re-running this script phase.\necho \"SUCCESS\" > \"${SCRIPT_OUTPUT_FILE_0}\"\n";
			showEnvVarsInLog = 0;
		};
		EA2188C9C4F6750927F8B52D /* [CP] Check Pods Manifest.lock */ = {
			isa = PBXShellScriptBuildPhase;
			buildActionMask = 2147483647;
			files = (
			);
			inputFileListPaths = (
			);
			inputPaths = (
				"${PODS_PODFILE_DIR_PATH}/Podfile.lock",
				"${PODS_ROOT}/Manifest.lock",
			);
			name = "[CP] Check Pods Manifest.lock";
			outputFileListPaths = (
			);
			outputPaths = (
				"$(DERIVED_FILE_DIR)/Pods-OPN-Challenge-OPN-ChallengeUITests-checkManifestLockResult.txt",
			);
			runOnlyForDeploymentPostprocessing = 0;
			shellPath = /bin/sh;
			shellScript = "diff \"${PODS_PODFILE_DIR_PATH}/Podfile.lock\" \"${PODS_ROOT}/Manifest.lock\" > /dev/null\nif [ $? != 0 ] ; then\n    # print error to STDERR\n    echo \"error: The sandbox is not in sync with the Podfile.lock. Run 'pod install' or update your CocoaPods installation.\" >&2\n    exit 1\nfi\n# This output is used by Xcode 'outputs' to avoid re-running this script phase.\necho \"SUCCESS\" > \"${SCRIPT_OUTPUT_FILE_0}\"\n";
			showEnvVarsInLog = 0;
		};
		F92D609FCC58A56C13E4E790 /* [CP] Embed Pods Frameworks */ = {
			isa = PBXShellScriptBuildPhase;
			buildActionMask = 2147483647;
			files = (
			);
			inputFileListPaths = (
				"${PODS_ROOT}/Target Support Files/Pods-OPN-Challenge/Pods-OPN-Challenge-frameworks-${CONFIGURATION}-input-files.xcfilelist",
			);
			name = "[CP] Embed Pods Frameworks";
			outputFileListPaths = (
				"${PODS_ROOT}/Target Support Files/Pods-OPN-Challenge/Pods-OPN-Challenge-frameworks-${CONFIGURATION}-output-files.xcfilelist",
			);
			runOnlyForDeploymentPostprocessing = 0;
			shellPath = /bin/sh;
			shellScript = "\"${PODS_ROOT}/Target Support Files/Pods-OPN-Challenge/Pods-OPN-Challenge-frameworks.sh\"\n";
			showEnvVarsInLog = 0;
		};
/* End PBXShellScriptBuildPhase section */

/* Begin PBXSourcesBuildPhase section */
		739555D82BEFF8DA004AC74E /* Sources */ = {
			isa = PBXSourcesBuildPhase;
			buildActionMask = 2147483647;
			files = (
				739556252BF005D9004AC74E /* ViewController.swift in Sources */,
				739556162BEFFC1B004AC74E /* HomeProductPresenter.swift in Sources */,
				739556182BEFFC1B004AC74E /* HomeProductRouter.swift in Sources */,
				739556502BF0CC4B004AC74E /* ServiceConnection.swift in Sources */,
				73CE6B4B2BF102D20052CD8B /* ProductSummaryPresenter.swift in Sources */,
				73CE6B4D2BF102D20052CD8B /* ProductSummaryRouter.swift in Sources */,
				73CE6B4E2BF102D20052CD8B /* ProductSummaryModels.swift in Sources */,
				73CE6B4F2BF102D20052CD8B /* ProductSummaryViewController.swift in Sources */,
				73CE6B502BF102D20052CD8B /* ProductSummaryInteractor.swift in Sources */,
				739556192BEFFC1B004AC74E /* HomeProductModels.swift in Sources */,
				7395561E2BF001A2004AC74E /* UIColorExtension.swift in Sources */,
				739556332BF018F0004AC74E /* ProductTableViewCell.swift in Sources */,
				739556642BF0DF5F004AC74E /* UILoadingFullViewViewController.swift in Sources */,
				73CE6B542BF1107F0052CD8B /* ProductSumaryViewController+TableView.swift in Sources */,
				739556272BF0129B004AC74E /* DateFormatter.swift in Sources */,
				7395561A2BEFFC1B004AC74E /* HomeProductViewController.swift in Sources */,
				739556632BF0DF5F004AC74E /* UILoadingFullViewRouter.swift in Sources */,
				739556432BF0CA3F004AC74E /* BaseService.swift in Sources */,
				7395561B2BEFFC1B004AC74E /* HomeProductInteractor.swift in Sources */,
				7395563A2BF028F8004AC74E /* KingfisherImageResoure.swift in Sources */,
				739556352BF01931004AC74E /* HomeProductViewController+TableView.swift in Sources */,
				739556622BF0DF5F004AC74E /* UILoadingFullViewPresenter.swift in Sources */,
				7395564E2BF0CB14004AC74E /* ResponseModel.swift in Sources */,
				739556212BF004EE004AC74E /* UIViewExtension.swift in Sources */,
				7395565E2BF0DF5F004AC74E /* BaseXIBView.swift in Sources */,
				739556522BF0CC7A004AC74E /* RequestModel.swift in Sources */,
				7395564A2BF0CABB004AC74E /* BaseErrorModel.swift in Sources */,
				739556472BF0CA8F004AC74E /* ResponseHandler.swift in Sources */,
				739555E02BEFF8DA004AC74E /* AppDelegate.swift in Sources */,
				7395563F2BF0C7F8004AC74E /* BaseAPI.swift in Sources */,
				739555E22BEFF8DA004AC74E /* SceneDelegate.swift in Sources */,
				739556612BF0DF5F004AC74E /* UILoadingFullViewModels.swift in Sources */,
				7395564C2BF0CAE7004AC74E /* ServiceError.swift in Sources */,
				73CE6B562BF119880052CD8B /* ProductSummaryViewController+TextView.swift in Sources */,
				739556452BF0CA5B004AC74E /* NetworkRequestRetrier.swift in Sources */,
				739556602BF0DF5F004AC74E /* UILoadingFullViewInteractor.swift in Sources */,
				739556372BF028B6004AC74E /* ImageUtils.swift in Sources */,
				739556412BF0C81D004AC74E /* Environment.swift in Sources */,
			);
			runOnlyForDeploymentPostprocessing = 0;
		};
		739555EE2BEFF8E2004AC74E /* Sources */ = {
			isa = PBXSourcesBuildPhase;
			buildActionMask = 2147483647;
			files = (
				739556682BF0F396004AC74E /* StubHomeProductService.swift in Sources */,
				7395566B2BF0F69C004AC74E /* HomeProductInteractorTests.swift in Sources */,
				73CE6B432BF0FF650052CD8B /* HomeProductPresenterTests.swift in Sources */,
			);
			runOnlyForDeploymentPostprocessing = 0;
		};
		739555F82BEFF8E2004AC74E /* Sources */ = {
			isa = PBXSourcesBuildPhase;
			buildActionMask = 2147483647;
			files = (
			);
			runOnlyForDeploymentPostprocessing = 0;
		};
/* End PBXSourcesBuildPhase section */

/* Begin PBXTargetDependency section */
		739555F42BEFF8E2004AC74E /* PBXTargetDependency */ = {
			isa = PBXTargetDependency;
			target = 739555DB2BEFF8DA004AC74E /* OPN-Challenge */;
			targetProxy = 739555F32BEFF8E2004AC74E /* PBXContainerItemProxy */;
		};
		739555FE2BEFF8E2004AC74E /* PBXTargetDependency */ = {
			isa = PBXTargetDependency;
			target = 739555DB2BEFF8DA004AC74E /* OPN-Challenge */;
			targetProxy = 739555FD2BEFF8E2004AC74E /* PBXContainerItemProxy */;
		};
/* End PBXTargetDependency section */

/* Begin PBXVariantGroup section */
		739555E52BEFF8DA004AC74E /* HomeProduct.storyboard */ = {
			isa = PBXVariantGroup;
			children = (
				739555E62BEFF8DA004AC74E /* Base */,
			);
			name = HomeProduct.storyboard;
			sourceTree = "<group>";
		};
		739555EA2BEFF8E0004AC74E /* LaunchScreen.storyboard */ = {
			isa = PBXVariantGroup;
			children = (
				739555EB2BEFF8E0004AC74E /* Base */,
			);
			name = LaunchScreen.storyboard;
			sourceTree = "<group>";
		};
/* End PBXVariantGroup section */

/* Begin XCBuildConfiguration section */
		739556042BEFF8E2004AC74E /* Debug */ = {
			isa = XCBuildConfiguration;
			buildSettings = {
				ALWAYS_SEARCH_USER_PATHS = NO;
				ASSETCATALOG_COMPILER_GENERATE_SWIFT_ASSET_SYMBOL_EXTENSIONS = YES;
				CLANG_ANALYZER_NONNULL = YES;
				CLANG_ANALYZER_NUMBER_OBJECT_CONVERSION = YES_AGGRESSIVE;
				CLANG_CXX_LANGUAGE_STANDARD = "gnu++20";
				CLANG_ENABLE_MODULES = YES;
				CLANG_ENABLE_OBJC_ARC = YES;
				CLANG_ENABLE_OBJC_WEAK = YES;
				CLANG_WARN_BLOCK_CAPTURE_AUTORELEASING = YES;
				CLANG_WARN_BOOL_CONVERSION = YES;
				CLANG_WARN_COMMA = YES;
				CLANG_WARN_CONSTANT_CONVERSION = YES;
				CLANG_WARN_DEPRECATED_OBJC_IMPLEMENTATIONS = YES;
				CLANG_WARN_DIRECT_OBJC_ISA_USAGE = YES_ERROR;
				CLANG_WARN_DOCUMENTATION_COMMENTS = YES;
				CLANG_WARN_EMPTY_BODY = YES;
				CLANG_WARN_ENUM_CONVERSION = YES;
				CLANG_WARN_INFINITE_RECURSION = YES;
				CLANG_WARN_INT_CONVERSION = YES;
				CLANG_WARN_NON_LITERAL_NULL_CONVERSION = YES;
				CLANG_WARN_OBJC_IMPLICIT_RETAIN_SELF = YES;
				CLANG_WARN_OBJC_LITERAL_CONVERSION = YES;
				CLANG_WARN_OBJC_ROOT_CLASS = YES_ERROR;
				CLANG_WARN_QUOTED_INCLUDE_IN_FRAMEWORK_HEADER = YES;
				CLANG_WARN_RANGE_LOOP_ANALYSIS = YES;
				CLANG_WARN_STRICT_PROTOTYPES = YES;
				CLANG_WARN_SUSPICIOUS_MOVE = YES;
				CLANG_WARN_UNGUARDED_AVAILABILITY = YES_AGGRESSIVE;
				CLANG_WARN_UNREACHABLE_CODE = YES;
				CLANG_WARN__DUPLICATE_METHOD_MATCH = YES;
				COPY_PHASE_STRIP = NO;
				DEBUG_INFORMATION_FORMAT = dwarf;
				ENABLE_STRICT_OBJC_MSGSEND = YES;
				ENABLE_TESTABILITY = YES;
				ENABLE_USER_SCRIPT_SANDBOXING = YES;
				GCC_C_LANGUAGE_STANDARD = gnu17;
				GCC_DYNAMIC_NO_PIC = NO;
				GCC_NO_COMMON_BLOCKS = YES;
				GCC_OPTIMIZATION_LEVEL = 0;
				GCC_PREPROCESSOR_DEFINITIONS = (
					"DEBUG=1",
					"$(inherited)",
				);
				GCC_WARN_64_TO_32_BIT_CONVERSION = YES;
				GCC_WARN_ABOUT_RETURN_TYPE = YES_ERROR;
				GCC_WARN_UNDECLARED_SELECTOR = YES;
				GCC_WARN_UNINITIALIZED_AUTOS = YES_AGGRESSIVE;
				GCC_WARN_UNUSED_FUNCTION = YES;
				GCC_WARN_UNUSED_VARIABLE = YES;
				IPHONEOS_DEPLOYMENT_TARGET = 13.0;
				LOCALIZATION_PREFERS_STRING_CATALOGS = YES;
				MTL_ENABLE_DEBUG_INFO = INCLUDE_SOURCE;
				MTL_FAST_MATH = YES;
				ONLY_ACTIVE_ARCH = YES;
				SDKROOT = iphoneos;
				SWIFT_ACTIVE_COMPILATION_CONDITIONS = "DEBUG $(inherited)";
				SWIFT_OPTIMIZATION_LEVEL = "-Onone";
			};
			name = Debug;
		};
		739556052BEFF8E2004AC74E /* Release */ = {
			isa = XCBuildConfiguration;
			buildSettings = {
				ALWAYS_SEARCH_USER_PATHS = NO;
				ASSETCATALOG_COMPILER_GENERATE_SWIFT_ASSET_SYMBOL_EXTENSIONS = YES;
				CLANG_ANALYZER_NONNULL = YES;
				CLANG_ANALYZER_NUMBER_OBJECT_CONVERSION = YES_AGGRESSIVE;
				CLANG_CXX_LANGUAGE_STANDARD = "gnu++20";
				CLANG_ENABLE_MODULES = YES;
				CLANG_ENABLE_OBJC_ARC = YES;
				CLANG_ENABLE_OBJC_WEAK = YES;
				CLANG_WARN_BLOCK_CAPTURE_AUTORELEASING = YES;
				CLANG_WARN_BOOL_CONVERSION = YES;
				CLANG_WARN_COMMA = YES;
				CLANG_WARN_CONSTANT_CONVERSION = YES;
				CLANG_WARN_DEPRECATED_OBJC_IMPLEMENTATIONS = YES;
				CLANG_WARN_DIRECT_OBJC_ISA_USAGE = YES_ERROR;
				CLANG_WARN_DOCUMENTATION_COMMENTS = YES;
				CLANG_WARN_EMPTY_BODY = YES;
				CLANG_WARN_ENUM_CONVERSION = YES;
				CLANG_WARN_INFINITE_RECURSION = YES;
				CLANG_WARN_INT_CONVERSION = YES;
				CLANG_WARN_NON_LITERAL_NULL_CONVERSION = YES;
				CLANG_WARN_OBJC_IMPLICIT_RETAIN_SELF = YES;
				CLANG_WARN_OBJC_LITERAL_CONVERSION = YES;
				CLANG_WARN_OBJC_ROOT_CLASS = YES_ERROR;
				CLANG_WARN_QUOTED_INCLUDE_IN_FRAMEWORK_HEADER = YES;
				CLANG_WARN_RANGE_LOOP_ANALYSIS = YES;
				CLANG_WARN_STRICT_PROTOTYPES = YES;
				CLANG_WARN_SUSPICIOUS_MOVE = YES;
				CLANG_WARN_UNGUARDED_AVAILABILITY = YES_AGGRESSIVE;
				CLANG_WARN_UNREACHABLE_CODE = YES;
				CLANG_WARN__DUPLICATE_METHOD_MATCH = YES;
				COPY_PHASE_STRIP = NO;
				DEBUG_INFORMATION_FORMAT = "dwarf-with-dsym";
				ENABLE_NS_ASSERTIONS = NO;
				ENABLE_STRICT_OBJC_MSGSEND = YES;
				ENABLE_USER_SCRIPT_SANDBOXING = YES;
				GCC_C_LANGUAGE_STANDARD = gnu17;
				GCC_NO_COMMON_BLOCKS = YES;
				GCC_WARN_64_TO_32_BIT_CONVERSION = YES;
				GCC_WARN_ABOUT_RETURN_TYPE = YES_ERROR;
				GCC_WARN_UNDECLARED_SELECTOR = YES;
				GCC_WARN_UNINITIALIZED_AUTOS = YES_AGGRESSIVE;
				GCC_WARN_UNUSED_FUNCTION = YES;
				GCC_WARN_UNUSED_VARIABLE = YES;
				IPHONEOS_DEPLOYMENT_TARGET = 13.0;
				LOCALIZATION_PREFERS_STRING_CATALOGS = YES;
				MTL_ENABLE_DEBUG_INFO = NO;
				MTL_FAST_MATH = YES;
				SDKROOT = iphoneos;
				SWIFT_COMPILATION_MODE = wholemodule;
				VALIDATE_PRODUCT = YES;
			};
			name = Release;
		};
		739556072BEFF8E2004AC74E /* Debug */ = {
			isa = XCBuildConfiguration;
			baseConfigurationReference = 1BE5106107E612795AD41D1D /* Pods-OPN-Challenge.debug.xcconfig */;
			buildSettings = {
				ASSETCATALOG_COMPILER_APPICON_NAME = AppIcon;
				ASSETCATALOG_COMPILER_GLOBAL_ACCENT_COLOR_NAME = AccentColor;
				CODE_SIGN_STYLE = Automatic;
				CURRENT_PROJECT_VERSION = 1;
				DEVELOPMENT_TEAM = 8348YNSNZ6;
				ENABLE_USER_SCRIPT_SANDBOXING = NO;
				GENERATE_INFOPLIST_FILE = YES;
				INFOPLIST_FILE = "OPN-Challenge/Info.plist";
				INFOPLIST_KEY_UIApplicationSupportsIndirectInputEvents = YES;
				INFOPLIST_KEY_UILaunchStoryboardName = LaunchScreen;
				INFOPLIST_KEY_UIMainStoryboardFile = Main;
				INFOPLIST_KEY_UISupportedInterfaceOrientations = UIInterfaceOrientationPortrait;
				INFOPLIST_KEY_UIUserInterfaceStyle = Light;
				IPHONEOS_DEPLOYMENT_TARGET = 13.0;
				LD_RUNPATH_SEARCH_PATHS = (
					"$(inherited)",
					"@executable_path/Frameworks",
				);
				MARKETING_VERSION = 1.0;
				PRODUCT_BUNDLE_IDENTIFIER = "phakkharachate.jon.OPN-Challenge";
				PRODUCT_NAME = "$(TARGET_NAME)";
				SWIFT_EMIT_LOC_STRINGS = YES;
				SWIFT_VERSION = 5.0;
				TARGETED_DEVICE_FAMILY = "1,2";
			};
			name = Debug;
		};
		739556082BEFF8E2004AC74E /* Release */ = {
			isa = XCBuildConfiguration;
			baseConfigurationReference = 7D4AB8114A17238EF43803E6 /* Pods-OPN-Challenge.release.xcconfig */;
			buildSettings = {
				ASSETCATALOG_COMPILER_APPICON_NAME = AppIcon;
				ASSETCATALOG_COMPILER_GLOBAL_ACCENT_COLOR_NAME = AccentColor;
				CODE_SIGN_STYLE = Automatic;
				CURRENT_PROJECT_VERSION = 1;
				DEVELOPMENT_TEAM = 8348YNSNZ6;
				ENABLE_USER_SCRIPT_SANDBOXING = NO;
				GENERATE_INFOPLIST_FILE = YES;
				INFOPLIST_FILE = "OPN-Challenge/Info.plist";
				INFOPLIST_KEY_UIApplicationSupportsIndirectInputEvents = YES;
				INFOPLIST_KEY_UILaunchStoryboardName = LaunchScreen;
				INFOPLIST_KEY_UIMainStoryboardFile = Main;
				INFOPLIST_KEY_UISupportedInterfaceOrientations = UIInterfaceOrientationPortrait;
				INFOPLIST_KEY_UIUserInterfaceStyle = Light;
				IPHONEOS_DEPLOYMENT_TARGET = 13.0;
				LD_RUNPATH_SEARCH_PATHS = (
					"$(inherited)",
					"@executable_path/Frameworks",
				);
				MARKETING_VERSION = 1.0;
				PRODUCT_BUNDLE_IDENTIFIER = "phakkharachate.jon.OPN-Challenge";
				PRODUCT_NAME = "$(TARGET_NAME)";
				SWIFT_EMIT_LOC_STRINGS = YES;
				SWIFT_VERSION = 5.0;
				TARGETED_DEVICE_FAMILY = "1,2";
			};
			name = Release;
		};
		7395560A2BEFF8E2004AC74E /* Debug */ = {
			isa = XCBuildConfiguration;
			baseConfigurationReference = C453A3A53A15AE7491B28818 /* Pods-OPN-ChallengeTests.debug.xcconfig */;
			buildSettings = {
				ALWAYS_EMBED_SWIFT_STANDARD_LIBRARIES = YES;
				BUNDLE_LOADER = "$(TEST_HOST)";
				CODE_SIGN_STYLE = Automatic;
				CURRENT_PROJECT_VERSION = 1;
				ENABLE_USER_SCRIPT_SANDBOXING = NO;
				GENERATE_INFOPLIST_FILE = YES;
				IPHONEOS_DEPLOYMENT_TARGET = 13.0;
				MARKETING_VERSION = 1.0;
				PRODUCT_BUNDLE_IDENTIFIER = "phakkharachate.jon.OPN-ChallengeTests";
				PRODUCT_NAME = "$(TARGET_NAME)";
				SWIFT_EMIT_LOC_STRINGS = NO;
				SWIFT_VERSION = 5.0;
				TARGETED_DEVICE_FAMILY = "1,2";
				TEST_HOST = "$(BUILT_PRODUCTS_DIR)/OPN-Challenge.app/$(BUNDLE_EXECUTABLE_FOLDER_PATH)/OPN-Challenge";
			};
			name = Debug;
		};
		7395560B2BEFF8E2004AC74E /* Release */ = {
			isa = XCBuildConfiguration;
			baseConfigurationReference = 34CCF0BE249FC5DDC6A1D616 /* Pods-OPN-ChallengeTests.release.xcconfig */;
			buildSettings = {
				ALWAYS_EMBED_SWIFT_STANDARD_LIBRARIES = YES;
				BUNDLE_LOADER = "$(TEST_HOST)";
				CODE_SIGN_STYLE = Automatic;
				CURRENT_PROJECT_VERSION = 1;
				ENABLE_USER_SCRIPT_SANDBOXING = NO;
				GENERATE_INFOPLIST_FILE = YES;
				IPHONEOS_DEPLOYMENT_TARGET = 13.0;
				MARKETING_VERSION = 1.0;
				PRODUCT_BUNDLE_IDENTIFIER = "phakkharachate.jon.OPN-ChallengeTests";
				PRODUCT_NAME = "$(TARGET_NAME)";
				SWIFT_EMIT_LOC_STRINGS = NO;
				SWIFT_VERSION = 5.0;
				TARGETED_DEVICE_FAMILY = "1,2";
				TEST_HOST = "$(BUILT_PRODUCTS_DIR)/OPN-Challenge.app/$(BUNDLE_EXECUTABLE_FOLDER_PATH)/OPN-Challenge";
			};
			name = Release;
		};
		7395560D2BEFF8E2004AC74E /* Debug */ = {
			isa = XCBuildConfiguration;
			baseConfigurationReference = 3008B46CBAF0EAE44827CD78 /* Pods-OPN-Challenge-OPN-ChallengeUITests.debug.xcconfig */;
			buildSettings = {
				ALWAYS_EMBED_SWIFT_STANDARD_LIBRARIES = YES;
				CODE_SIGN_STYLE = Automatic;
				CURRENT_PROJECT_VERSION = 1;
				ENABLE_USER_SCRIPT_SANDBOXING = NO;
				GENERATE_INFOPLIST_FILE = YES;
				MARKETING_VERSION = 1.0;
				PRODUCT_BUNDLE_IDENTIFIER = "phakkharachate.jon.OPN-ChallengeUITests";
				PRODUCT_NAME = "$(TARGET_NAME)";
				SWIFT_EMIT_LOC_STRINGS = NO;
				SWIFT_VERSION = 5.0;
				TARGETED_DEVICE_FAMILY = "1,2";
				TEST_TARGET_NAME = "OPN-Challenge";
			};
			name = Debug;
		};
		7395560E2BEFF8E2004AC74E /* Release */ = {
			isa = XCBuildConfiguration;
			baseConfigurationReference = 167362BF7387B6588D25ED62 /* Pods-OPN-Challenge-OPN-ChallengeUITests.release.xcconfig */;
			buildSettings = {
				ALWAYS_EMBED_SWIFT_STANDARD_LIBRARIES = YES;
				CODE_SIGN_STYLE = Automatic;
				CURRENT_PROJECT_VERSION = 1;
				ENABLE_USER_SCRIPT_SANDBOXING = NO;
				GENERATE_INFOPLIST_FILE = YES;
				MARKETING_VERSION = 1.0;
				PRODUCT_BUNDLE_IDENTIFIER = "phakkharachate.jon.OPN-ChallengeUITests";
				PRODUCT_NAME = "$(TARGET_NAME)";
				SWIFT_EMIT_LOC_STRINGS = NO;
				SWIFT_VERSION = 5.0;
				TARGETED_DEVICE_FAMILY = "1,2";
				TEST_TARGET_NAME = "OPN-Challenge";
			};
			name = Release;
		};
/* End XCBuildConfiguration section */

/* Begin XCConfigurationList section */
		739555D72BEFF8DA004AC74E /* Build configuration list for PBXProject "OPN-Challenge" */ = {
			isa = XCConfigurationList;
			buildConfigurations = (
				739556042BEFF8E2004AC74E /* Debug */,
				739556052BEFF8E2004AC74E /* Release */,
			);
			defaultConfigurationIsVisible = 0;
			defaultConfigurationName = Release;
		};
		739556062BEFF8E2004AC74E /* Build configuration list for PBXNativeTarget "OPN-Challenge" */ = {
			isa = XCConfigurationList;
			buildConfigurations = (
				739556072BEFF8E2004AC74E /* Debug */,
				739556082BEFF8E2004AC74E /* Release */,
			);
			defaultConfigurationIsVisible = 0;
			defaultConfigurationName = Release;
		};
		739556092BEFF8E2004AC74E /* Build configuration list for PBXNativeTarget "OPN-ChallengeTests" */ = {
			isa = XCConfigurationList;
			buildConfigurations = (
				7395560A2BEFF8E2004AC74E /* Debug */,
				7395560B2BEFF8E2004AC74E /* Release */,
			);
			defaultConfigurationIsVisible = 0;
			defaultConfigurationName = Release;
		};
		7395560C2BEFF8E2004AC74E /* Build configuration list for PBXNativeTarget "OPN-ChallengeUITests" */ = {
			isa = XCConfigurationList;
			buildConfigurations = (
				7395560D2BEFF8E2004AC74E /* Debug */,
				7395560E2BEFF8E2004AC74E /* Release */,
			);
			defaultConfigurationIsVisible = 0;
			defaultConfigurationName = Release;
		};
/* End XCConfigurationList section */
	};
	rootObject = 739555D42BEFF8DA004AC74E /* Project object */;
}
